// !$*UTF8*$!
{
	archiveVersion = 1;
	classes = {
	};
	objectVersion = 56;
	objects = {

/* Begin PBXBuildFile section */
		2F089A0D2B8E44E1000E9F56 /* Sora-Regular.ttf in Resources */ = {isa = PBXBuildFile; fileRef = 2F089A0C2B8E44E1000E9F56 /* Sora-Regular.ttf */; };
		2F0CB5E92B8E49F4005C871A /* LinkPasswordImage.swift in Sources */ = {isa = PBXBuildFile; fileRef = 2F0CB5E82B8E49F4005C871A /* LinkPasswordImage.swift */; };
		2F0CB5EB2B8EB5C7005C871A /* Sora-SemiBold.ttf in Resources */ = {isa = PBXBuildFile; fileRef = 2F0CB5EA2B8EB5C7005C871A /* Sora-SemiBold.ttf */; };
		2F0CB5EE2B8ED36A005C871A /* MainTabViewController.swift in Sources */ = {isa = PBXBuildFile; fileRef = 2F0CB5ED2B8ED36A005C871A /* MainTabViewController.swift */; };
		2F0CB5F02B8ED89B005C871A /* MainTabViewController.storyboard in Resources */ = {isa = PBXBuildFile; fileRef = 2F0CB5EF2B8ED89B005C871A /* MainTabViewController.storyboard */; };
		2F0CB5F42B8EFB20005C871A /* HomeViewController.storyboard in Resources */ = {isa = PBXBuildFile; fileRef = 2F0CB5F32B8EFB20005C871A /* HomeViewController.storyboard */; };
		2F0CB5F82B8EFB8F005C871A /* DI+Home.swift in Sources */ = {isa = PBXBuildFile; fileRef = 2F0CB5F72B8EFB8F005C871A /* DI+Home.swift */; };
		2F0CB5FA2B8EFB97005C871A /* HomeViewController.swift in Sources */ = {isa = PBXBuildFile; fileRef = 2F0CB5F92B8EFB97005C871A /* HomeViewController.swift */; };
		2F0CB5FC2B8EFBA1005C871A /* HomeViewModel.swift in Sources */ = {isa = PBXBuildFile; fileRef = 2F0CB5FB2B8EFBA1005C871A /* HomeViewModel.swift */; };
		2F0CB5FE2B8EFBC3005C871A /* HomeViewTypes.swift in Sources */ = {isa = PBXBuildFile; fileRef = 2F0CB5FD2B8EFBC3005C871A /* HomeViewTypes.swift */; };
		2F0CB6012B8EFBE6005C871A /* SettingsViewController.swift in Sources */ = {isa = PBXBuildFile; fileRef = 2F0CB6002B8EFBE6005C871A /* SettingsViewController.swift */; };
		2F0CB6032B8EFBEE005C871A /* SettingsViewModel.swift in Sources */ = {isa = PBXBuildFile; fileRef = 2F0CB6022B8EFBEE005C871A /* SettingsViewModel.swift */; };
		2F0CB6052B8EFBF7005C871A /* SettingsViewTypes.swift in Sources */ = {isa = PBXBuildFile; fileRef = 2F0CB6042B8EFBF7005C871A /* SettingsViewTypes.swift */; };
		2F0CB6072B8EFC4E005C871A /* DI+Settings.swift in Sources */ = {isa = PBXBuildFile; fileRef = 2F0CB6062B8EFC4E005C871A /* DI+Settings.swift */; };
		2F0CB6092B8EFC59005C871A /* SettingsViewController.storyboard in Resources */ = {isa = PBXBuildFile; fileRef = 2F0CB6082B8EFC59005C871A /* SettingsViewController.storyboard */; };
		2F0CB6102B8EFE1E005C871A /* DiscoverPasswordViewController.storyboard in Resources */ = {isa = PBXBuildFile; fileRef = 2F0CB60F2B8EFE1E005C871A /* DiscoverPasswordViewController.storyboard */; };
		2F0CB6122B8EFE2A005C871A /* DI+DiscoverPassword.swift in Sources */ = {isa = PBXBuildFile; fileRef = 2F0CB6112B8EFE2A005C871A /* DI+DiscoverPassword.swift */; };
		2F0CB6142B8EFE3E005C871A /* DiscoverPasswordViewController.swift in Sources */ = {isa = PBXBuildFile; fileRef = 2F0CB6132B8EFE3E005C871A /* DiscoverPasswordViewController.swift */; };
		2F0CB6162B8EFE4C005C871A /* DiscoverPasswordViewModel.swift in Sources */ = {isa = PBXBuildFile; fileRef = 2F0CB6152B8EFE4C005C871A /* DiscoverPasswordViewModel.swift */; };
		2F0CB6182B8EFE56005C871A /* DiscoverPasswordViewTypes.swift in Sources */ = {isa = PBXBuildFile; fileRef = 2F0CB6172B8EFE56005C871A /* DiscoverPasswordViewTypes.swift */; };
		2F0CB61E2B8EFED3005C871A /* ChangePasswordViewController.swift in Sources */ = {isa = PBXBuildFile; fileRef = 2F0CB61D2B8EFED3005C871A /* ChangePasswordViewController.swift */; };
		2F0CB6202B8EFEDC005C871A /* ChangePasswordViewModel.swift in Sources */ = {isa = PBXBuildFile; fileRef = 2F0CB61F2B8EFEDC005C871A /* ChangePasswordViewModel.swift */; };
		2F0CB6222B8EFEE8005C871A /* ChangePasswordViewTypes.swift in Sources */ = {isa = PBXBuildFile; fileRef = 2F0CB6212B8EFEE8005C871A /* ChangePasswordViewTypes.swift */; };
		2F0CB6242B8EFEF2005C871A /* DI+ChangePassword.swift in Sources */ = {isa = PBXBuildFile; fileRef = 2F0CB6232B8EFEF2005C871A /* DI+ChangePassword.swift */; };
		2F0CB6272B8EFF0B005C871A /* DI+Verification.swift in Sources */ = {isa = PBXBuildFile; fileRef = 2F0CB6262B8EFF0B005C871A /* DI+Verification.swift */; };
		2F0CB62A2B8EFF26005C871A /* VerificationViewController.swift in Sources */ = {isa = PBXBuildFile; fileRef = 2F0CB6292B8EFF26005C871A /* VerificationViewController.swift */; };
		2F0CB62C2B8EFF30005C871A /* VerificationViewModel.swift in Sources */ = {isa = PBXBuildFile; fileRef = 2F0CB62B2B8EFF30005C871A /* VerificationViewModel.swift */; };
		2F0CB62E2B8EFF3B005C871A /* VerificationViewTypes.swift in Sources */ = {isa = PBXBuildFile; fileRef = 2F0CB62D2B8EFF3B005C871A /* VerificationViewTypes.swift */; };
		2F0CB6302B8EFF49005C871A /* VerificationViewController.storyboard in Resources */ = {isa = PBXBuildFile; fileRef = 2F0CB62F2B8EFF49005C871A /* VerificationViewController.storyboard */; };
		2F0CB6322B8EFF57005C871A /* ChangePasswordViewController.storyboard in Resources */ = {isa = PBXBuildFile; fileRef = 2F0CB6312B8EFF57005C871A /* ChangePasswordViewController.storyboard */; };
		2F0CB6342B8F1588005C871A /* CategoryEnum.swift in Sources */ = {isa = PBXBuildFile; fileRef = 2F0CB6332B8F1588005C871A /* CategoryEnum.swift */; };
		2F0CB63A2B8F1825005C871A /* CategoryFilterCollectionViewCell.swift in Sources */ = {isa = PBXBuildFile; fileRef = 2F0CB6382B8F1825005C871A /* CategoryFilterCollectionViewCell.swift */; };
		2F0CB63B2B8F1825005C871A /* CategoryFilterCollectionViewCell.xib in Resources */ = {isa = PBXBuildFile; fileRef = 2F0CB6392B8F1825005C871A /* CategoryFilterCollectionViewCell.xib */; };
		2F74FAF72B8CCD0700FE8DF2 /* UIViewController+RxViewControllerCycle.swift in Sources */ = {isa = PBXBuildFile; fileRef = 2F74FAF62B8CCD0700FE8DF2 /* UIViewController+RxViewControllerCycle.swift */; };
		2F74FAFA2B8CCD8500FE8DF2 /* Observable+Ext.swift in Sources */ = {isa = PBXBuildFile; fileRef = 2F74FAF92B8CCD8500FE8DF2 /* Observable+Ext.swift */; };
		2F74FAFC2B8CCDBF00FE8DF2 /* RxOperator.swift in Sources */ = {isa = PBXBuildFile; fileRef = 2F74FAFB2B8CCDBF00FE8DF2 /* RxOperator.swift */; };
		2F74FB022B8CCE3800FE8DF2 /* ViewControllerCycleImplType.swift in Sources */ = {isa = PBXBuildFile; fileRef = 2F74FB012B8CCE3800FE8DF2 /* ViewControllerCycleImplType.swift */; };
		2F74FB092B8CD48400FE8DF2 /* DismissResult.swift in Sources */ = {isa = PBXBuildFile; fileRef = 2F74FB082B8CD48400FE8DF2 /* DismissResult.swift */; };
		2F74FB0B2B8CD49D00FE8DF2 /* DismissWithResultProtocol.swift in Sources */ = {isa = PBXBuildFile; fileRef = 2F74FB0A2B8CD49D00FE8DF2 /* DismissWithResultProtocol.swift */; };
		2F74FB0D2B8CD4A900FE8DF2 /* DismissWithResultProtocol+Extension.swift in Sources */ = {isa = PBXBuildFile; fileRef = 2F74FB0C2B8CD4A900FE8DF2 /* DismissWithResultProtocol+Extension.swift */; };
		2F74FB0F2B8CD4B400FE8DF2 /* DismissWithResultProtocol+Rx.swift in Sources */ = {isa = PBXBuildFile; fileRef = 2F74FB0E2B8CD4B400FE8DF2 /* DismissWithResultProtocol+Rx.swift */; };
		2F74FB112B8CD4BE00FE8DF2 /* UIViewController+DismissWithResultHelper.swift in Sources */ = {isa = PBXBuildFile; fileRef = 2F74FB102B8CD4BE00FE8DF2 /* UIViewController+DismissWithResultHelper.swift */; };
		2F74FB132B8CD4C800FE8DF2 /* UIViewController+DismissWithResultProtocol.swift in Sources */ = {isa = PBXBuildFile; fileRef = 2F74FB122B8CD4C800FE8DF2 /* UIViewController+DismissWithResultProtocol.swift */; };
		2F74FB172B8CD54600FE8DF2 /* AppWindow.swift in Sources */ = {isa = PBXBuildFile; fileRef = 2F74FB162B8CD54600FE8DF2 /* AppWindow.swift */; };
		2F74FB192B8CD55100FE8DF2 /* DisposeOnWillRemoveFromParentType.swift in Sources */ = {isa = PBXBuildFile; fileRef = 2F74FB182B8CD55100FE8DF2 /* DisposeOnWillRemoveFromParentType.swift */; };
		2F74FB1B2B8CD56E00FE8DF2 /* DisposeOnWillRemoveFromParentType+Extension.swift in Sources */ = {isa = PBXBuildFile; fileRef = 2F74FB1A2B8CD56E00FE8DF2 /* DisposeOnWillRemoveFromParentType+Extension.swift */; };
		2F74FB1D2B8CD57C00FE8DF2 /* UIView+Disposable.swift in Sources */ = {isa = PBXBuildFile; fileRef = 2F74FB1C2B8CD57C00FE8DF2 /* UIView+Disposable.swift */; };
		2F74FB1F2B8CD58700FE8DF2 /* UIView+DisposeBagHolderType.swift in Sources */ = {isa = PBXBuildFile; fileRef = 2F74FB1E2B8CD58700FE8DF2 /* UIView+DisposeBagHolderType.swift */; };
		2F74FB212B8CD59300FE8DF2 /* UIViewController+Disposable.swift in Sources */ = {isa = PBXBuildFile; fileRef = 2F74FB202B8CD59300FE8DF2 /* UIViewController+Disposable.swift */; };
		2F74FB232B8CD59F00FE8DF2 /* UIViewController+DisposeBagHolderType.swift in Sources */ = {isa = PBXBuildFile; fileRef = 2F74FB222B8CD59F00FE8DF2 /* UIViewController+DisposeBagHolderType.swift */; };
		2F74FB252B8CD5AB00FE8DF2 /* UIViewController+DisposeOnWillRemoveFromParentType.swift in Sources */ = {isa = PBXBuildFile; fileRef = 2F74FB242B8CD5AB00FE8DF2 /* UIViewController+DisposeOnWillRemoveFromParentType.swift */; };
		2F74FB292B8CD5CA00FE8DF2 /* DisposableEvent.swift in Sources */ = {isa = PBXBuildFile; fileRef = 2F74FB282B8CD5CA00FE8DF2 /* DisposableEvent.swift */; };
		2F74FB2B2B8CD5D600FE8DF2 /* PresentationBinding.swift in Sources */ = {isa = PBXBuildFile; fileRef = 2F74FB2A2B8CD5D600FE8DF2 /* PresentationBinding.swift */; };
		2F74FB2D2B8CD5E300FE8DF2 /* ViewEvent.swift in Sources */ = {isa = PBXBuildFile; fileRef = 2F74FB2C2B8CD5E300FE8DF2 /* ViewEvent.swift */; };
		2F74FB2F2B8CD5EF00FE8DF2 /* ViewType.swift in Sources */ = {isa = PBXBuildFile; fileRef = 2F74FB2E2B8CD5EF00FE8DF2 /* ViewType.swift */; };
		2F74FB312B8CD5FB00FE8DF2 /* ViewModelType.swift in Sources */ = {isa = PBXBuildFile; fileRef = 2F74FB302B8CD5FB00FE8DF2 /* ViewModelType.swift */; };
		2F74FB362B8CD6F200FE8DF2 /* BaseViewType.swift in Sources */ = {isa = PBXBuildFile; fileRef = 2F74FB352B8CD6F200FE8DF2 /* BaseViewType.swift */; };
		2F74FB382B8CD6FB00FE8DF2 /* BaseViewController.swift in Sources */ = {isa = PBXBuildFile; fileRef = 2F74FB372B8CD6FB00FE8DF2 /* BaseViewController.swift */; };
		2F74FB3A2B8CD70700FE8DF2 /* BaseViewModelType.swift in Sources */ = {isa = PBXBuildFile; fileRef = 2F74FB392B8CD70700FE8DF2 /* BaseViewModelType.swift */; };
		2F74FB3C2B8CD71300FE8DF2 /* BaseViewModel.swift in Sources */ = {isa = PBXBuildFile; fileRef = 2F74FB3B2B8CD71300FE8DF2 /* BaseViewModel.swift */; };
		2F74FB3F2B8CD73900FE8DF2 /* BaseNavigationChildViewController.swift in Sources */ = {isa = PBXBuildFile; fileRef = 2F74FB3E2B8CD73900FE8DF2 /* BaseNavigationChildViewController.swift */; };
		2F74FB412B8CD74500FE8DF2 /* BaseNavigationController.swift in Sources */ = {isa = PBXBuildFile; fileRef = 2F74FB402B8CD74500FE8DF2 /* BaseNavigationController.swift */; };
		2F74FB462B8CD83000FE8DF2 /* DI.swift in Sources */ = {isa = PBXBuildFile; fileRef = 2F74FB452B8CD83000FE8DF2 /* DI.swift */; };
		2F74FB482B8CD83B00FE8DF2 /* DI+DIRegistor.swift in Sources */ = {isa = PBXBuildFile; fileRef = 2F74FB472B8CD83B00FE8DF2 /* DI+DIRegistor.swift */; };
		2F74FB4C2B8CD8A600FE8DF2 /* DI+Model.swift in Sources */ = {isa = PBXBuildFile; fileRef = 2F74FB4B2B8CD8A600FE8DF2 /* DI+Model.swift */; };
		2F74FB4F2B8CD8BD00FE8DF2 /* DI+Constant.swift in Sources */ = {isa = PBXBuildFile; fileRef = 2F74FB4E2B8CD8BD00FE8DF2 /* DI+Constant.swift */; };
		2F74FB522B8CD8E200FE8DF2 /* DI+ViewPairs.swift in Sources */ = {isa = PBXBuildFile; fileRef = 2F74FB512B8CD8E200FE8DF2 /* DI+ViewPairs.swift */; };
		2F74FB552B8CD9A100FE8DF2 /* DI+Helper.swift in Sources */ = {isa = PBXBuildFile; fileRef = 2F74FB542B8CD9A100FE8DF2 /* DI+Helper.swift */; };
		2F74FB582B8CD9C200FE8DF2 /* DI+Service.swift in Sources */ = {isa = PBXBuildFile; fileRef = 2F74FB572B8CD9C200FE8DF2 /* DI+Service.swift */; };
		2F74FB5D2B8CDDA400FE8DF2 /* AssociatedObjectUtility.swift in Sources */ = {isa = PBXBuildFile; fileRef = 2F74FB5C2B8CDDA400FE8DF2 /* AssociatedObjectUtility.swift */; };
		2F74FB5F2B8CDDAE00FE8DF2 /* WeakAssociateObjectUtility.swift in Sources */ = {isa = PBXBuildFile; fileRef = 2F74FB5E2B8CDDAE00FE8DF2 /* WeakAssociateObjectUtility.swift */; };
		2F74FB612B8CDF0F00FE8DF2 /* DisposeBagHolderType.swift in Sources */ = {isa = PBXBuildFile; fileRef = 2F74FB602B8CDF0F00FE8DF2 /* DisposeBagHolderType.swift */; };
		2F74FB632B8CDF1A00FE8DF2 /* DisposeBagHolderType+Extension.swift in Sources */ = {isa = PBXBuildFile; fileRef = 2F74FB622B8CDF1A00FE8DF2 /* DisposeBagHolderType+Extension.swift */; };
		2F74FB662B8DA27800FE8DF2 /* SplashViewController.storyboard in Resources */ = {isa = PBXBuildFile; fileRef = 2F74FB652B8DA27800FE8DF2 /* SplashViewController.storyboard */; };
		2F74FB692B8DA29500FE8DF2 /* DI+Splash.swift in Sources */ = {isa = PBXBuildFile; fileRef = 2F74FB682B8DA29500FE8DF2 /* DI+Splash.swift */; };
		2F74FB6C2B8DA2BB00FE8DF2 /* SplashViewController.swift in Sources */ = {isa = PBXBuildFile; fileRef = 2F74FB6B2B8DA2BB00FE8DF2 /* SplashViewController.swift */; };
		2F74FB6E2B8DA2C200FE8DF2 /* SplashViewModel.swift in Sources */ = {isa = PBXBuildFile; fileRef = 2F74FB6D2B8DA2C200FE8DF2 /* SplashViewModel.swift */; };
		2F74FB702B8DA2CF00FE8DF2 /* SplashViewTypes.swift in Sources */ = {isa = PBXBuildFile; fileRef = 2F74FB6F2B8DA2CF00FE8DF2 /* SplashViewTypes.swift */; };
		2F74FB732B8DA82E00FE8DF2 /* splash_lottie.json in Resources */ = {isa = PBXBuildFile; fileRef = 2F74FB722B8DA82E00FE8DF2 /* splash_lottie.json */; };
		2F74FB772B8DA89C00FE8DF2 /* LinkPasswordEnum.swift in Sources */ = {isa = PBXBuildFile; fileRef = 2F74FB762B8DA89C00FE8DF2 /* LinkPasswordEnum.swift */; };
		2F74FB7A2B8DB51100FE8DF2 /* Constant.swift in Sources */ = {isa = PBXBuildFile; fileRef = 2F74FB792B8DB51100FE8DF2 /* Constant.swift */; };
		2F74FB7C2B8DB5A500FE8DF2 /* LinkPasswordColor.swift in Sources */ = {isa = PBXBuildFile; fileRef = 2F74FB7B2B8DB5A500FE8DF2 /* LinkPasswordColor.swift */; };
		2F74FB7F2B8DBFA900FE8DF2 /* SplashMenuViewController.storyboard in Resources */ = {isa = PBXBuildFile; fileRef = 2F74FB7E2B8DBFA900FE8DF2 /* SplashMenuViewController.storyboard */; };
		2F74FB832B8DBFC600FE8DF2 /* DI+SplashMenu.swift in Sources */ = {isa = PBXBuildFile; fileRef = 2F74FB822B8DBFC600FE8DF2 /* DI+SplashMenu.swift */; };
		2F74FB852B8DBFD800FE8DF2 /* SplashMenuViewController.swift in Sources */ = {isa = PBXBuildFile; fileRef = 2F74FB842B8DBFD800FE8DF2 /* SplashMenuViewController.swift */; };
		2F74FB872B8DBFE000FE8DF2 /* SplashMenuViewModel.swift in Sources */ = {isa = PBXBuildFile; fileRef = 2F74FB862B8DBFE000FE8DF2 /* SplashMenuViewModel.swift */; };
		2F74FB892B8DBFE900FE8DF2 /* SplashMenuTypes.swift in Sources */ = {isa = PBXBuildFile; fileRef = 2F74FB882B8DBFE900FE8DF2 /* SplashMenuTypes.swift */; };
		2F74FB8D2B8DC1D000FE8DF2 /* PrimaryButton.swift in Sources */ = {isa = PBXBuildFile; fileRef = 2F74FB8C2B8DC1D000FE8DF2 /* PrimaryButton.swift */; };
		2F74FB8F2B8DC43500FE8DF2 /* LinkPasswordFont.swift in Sources */ = {isa = PBXBuildFile; fileRef = 2F74FB8E2B8DC43500FE8DF2 /* LinkPasswordFont.swift */; };
		2F74FB932B8DC62800FE8DF2 /* SF-Pro-Text-Regular.otf in Resources */ = {isa = PBXBuildFile; fileRef = 2F74FB922B8DC62800FE8DF2 /* SF-Pro-Text-Regular.otf */; };
		2F74FB982B8DC84700FE8DF2 /* UIButton+Extension.swift in Sources */ = {isa = PBXBuildFile; fileRef = 2F74FB972B8DC84700FE8DF2 /* UIButton+Extension.swift */; };
		2F74FB9A2B8DC9A500FE8DF2 /* SecondaryButton.swift in Sources */ = {isa = PBXBuildFile; fileRef = 2F74FB992B8DC9A500FE8DF2 /* SecondaryButton.swift */; };
		2F74FB9D2B8E1D8500FE8DF2 /* CustomIconTextField.swift in Sources */ = {isa = PBXBuildFile; fileRef = 2F74FB9C2B8E1D8500FE8DF2 /* CustomIconTextField.swift */; };
		2F74FBA02B8E1E2A00FE8DF2 /* SignupViewController.swift in Sources */ = {isa = PBXBuildFile; fileRef = 2F74FB9F2B8E1E2A00FE8DF2 /* SignupViewController.swift */; };
		2F74FBA42B8E1E4E00FE8DF2 /* SignupViewModel.swift in Sources */ = {isa = PBXBuildFile; fileRef = 2F74FBA32B8E1E4E00FE8DF2 /* SignupViewModel.swift */; };
		2F74FBA82B8E1E7000FE8DF2 /* SignupTypes.swift in Sources */ = {isa = PBXBuildFile; fileRef = 2F74FBA72B8E1E7000FE8DF2 /* SignupTypes.swift */; };
		2F74FBAA2B8E1E7C00FE8DF2 /* Di+Signup.swift in Sources */ = {isa = PBXBuildFile; fileRef = 2F74FBA92B8E1E7C00FE8DF2 /* Di+Signup.swift */; };
		2F74FBAC2B8E1E8A00FE8DF2 /* SignupViewController.storyboard in Resources */ = {isa = PBXBuildFile; fileRef = 2F74FBAB2B8E1E8A00FE8DF2 /* SignupViewController.storyboard */; };
		2F74FBAF2B8E1EB800FE8DF2 /* SigninViewController.storyboard in Resources */ = {isa = PBXBuildFile; fileRef = 2F74FBAE2B8E1EB800FE8DF2 /* SigninViewController.storyboard */; };
		2F74FBB22B8E1F3200FE8DF2 /* DI+Signin.swift in Sources */ = {isa = PBXBuildFile; fileRef = 2F74FBB12B8E1F3200FE8DF2 /* DI+Signin.swift */; };
		2F74FBB52B8E1F5300FE8DF2 /* SigninViewController.swift in Sources */ = {isa = PBXBuildFile; fileRef = 2F74FBB42B8E1F5300FE8DF2 /* SigninViewController.swift */; };
		2F74FBB72B8E1F5E00FE8DF2 /* SigninViewModel.swift in Sources */ = {isa = PBXBuildFile; fileRef = 2F74FBB62B8E1F5E00FE8DF2 /* SigninViewModel.swift */; };
		2F74FBB92B8E1F6800FE8DF2 /* SigninTypes.swift in Sources */ = {isa = PBXBuildFile; fileRef = 2F74FBB82B8E1F6800FE8DF2 /* SigninTypes.swift */; };
		2F7D53242B8C74EA00C73310 /* AppDelegate.swift in Sources */ = {isa = PBXBuildFile; fileRef = 2F7D53232B8C74EA00C73310 /* AppDelegate.swift */; };
		2F7D53262B8C74EA00C73310 /* SceneDelegate.swift in Sources */ = {isa = PBXBuildFile; fileRef = 2F7D53252B8C74EA00C73310 /* SceneDelegate.swift */; };
		2F7D53282B8C74EA00C73310 /* ViewController.swift in Sources */ = {isa = PBXBuildFile; fileRef = 2F7D53272B8C74EA00C73310 /* ViewController.swift */; };
		2F7D532B2B8C74EA00C73310 /* Main.storyboard in Resources */ = {isa = PBXBuildFile; fileRef = 2F7D53292B8C74EA00C73310 /* Main.storyboard */; };
		2F7D532E2B8C74EA00C73310 /* LinkPassword.xcdatamodeld in Sources */ = {isa = PBXBuildFile; fileRef = 2F7D532C2B8C74EA00C73310 /* LinkPassword.xcdatamodeld */; };
		2F7D53302B8C74EB00C73310 /* Assets.xcassets in Resources */ = {isa = PBXBuildFile; fileRef = 2F7D532F2B8C74EB00C73310 /* Assets.xcassets */; };
		2F7D53332B8C74EB00C73310 /* LaunchScreen.storyboard in Resources */ = {isa = PBXBuildFile; fileRef = 2F7D53312B8C74EB00C73310 /* LaunchScreen.storyboard */; };
		2F7D533E2B8C74EB00C73310 /* LinkPasswordTests.swift in Sources */ = {isa = PBXBuildFile; fileRef = 2F7D533D2B8C74EB00C73310 /* LinkPasswordTests.swift */; };
		2F7D53482B8C74EB00C73310 /* LinkPasswordUITests.swift in Sources */ = {isa = PBXBuildFile; fileRef = 2F7D53472B8C74EB00C73310 /* LinkPasswordUITests.swift */; };
		2F7D534A2B8C74EB00C73310 /* LinkPasswordUITestsLaunchTests.swift in Sources */ = {isa = PBXBuildFile; fileRef = 2F7D53492B8C74EB00C73310 /* LinkPasswordUITestsLaunchTests.swift */; };
		2FB1B9102B8E2D1400D5C0F6 /* BarItem.swift in Sources */ = {isa = PBXBuildFile; fileRef = 2FB1B90F2B8E2D1400D5C0F6 /* BarItem.swift */; };
		2FB1B9122B8E2D4E00D5C0F6 /* BarItemViewType.swift in Sources */ = {isa = PBXBuildFile; fileRef = 2FB1B9112B8E2D4E00D5C0F6 /* BarItemViewType.swift */; };
		2FB1B9142B8E2D5700D5C0F6 /* UIViewController+BarItemsViewType.swift in Sources */ = {isa = PBXBuildFile; fileRef = 2FB1B9132B8E2D5700D5C0F6 /* UIViewController+BarItemsViewType.swift */; };
		2FB1B9162B8E2D6100D5C0F6 /* UIViewController+RxBarItemsViewType.swift in Sources */ = {isa = PBXBuildFile; fileRef = 2FB1B9152B8E2D6100D5C0F6 /* UIViewController+RxBarItemsViewType.swift */; };
		2FB1B91B2B8E2E3C00D5C0F6 /* BackBarItem.swift in Sources */ = {isa = PBXBuildFile; fileRef = 2FB1B91A2B8E2E3C00D5C0F6 /* BackBarItem.swift */; };
		2FB1B91D2B8E2EE500D5C0F6 /* CloseBarItem.swift in Sources */ = {isa = PBXBuildFile; fileRef = 2FB1B91C2B8E2EE500D5C0F6 /* CloseBarItem.swift */; };
		B4605CB4DFE60B60C017B050 /* Pods_LinkPassword.framework in Frameworks */ = {isa = PBXBuildFile; fileRef = 9EC5C471481F999D9410DF93 /* Pods_LinkPassword.framework */; };
/* End PBXBuildFile section */

/* Begin PBXContainerItemProxy section */
		2F7D533A2B8C74EB00C73310 /* PBXContainerItemProxy */ = {
			isa = PBXContainerItemProxy;
			containerPortal = 2F7D53182B8C74EA00C73310 /* Project object */;
			proxyType = 1;
			remoteGlobalIDString = 2F7D531F2B8C74EA00C73310;
			remoteInfo = LinkPassword;
		};
		2F7D53442B8C74EB00C73310 /* PBXContainerItemProxy */ = {
			isa = PBXContainerItemProxy;
			containerPortal = 2F7D53182B8C74EA00C73310 /* Project object */;
			proxyType = 1;
			remoteGlobalIDString = 2F7D531F2B8C74EA00C73310;
			remoteInfo = LinkPassword;
		};
/* End PBXContainerItemProxy section */

/* Begin PBXFileReference section */
		2F089A0C2B8E44E1000E9F56 /* Sora-Regular.ttf */ = {isa = PBXFileReference; lastKnownFileType = file; path = "Sora-Regular.ttf"; sourceTree = "<group>"; };
		2F0CB5E82B8E49F4005C871A /* LinkPasswordImage.swift */ = {isa = PBXFileReference; lastKnownFileType = sourcecode.swift; path = LinkPasswordImage.swift; sourceTree = "<group>"; };
		2F0CB5EA2B8EB5C7005C871A /* Sora-SemiBold.ttf */ = {isa = PBXFileReference; lastKnownFileType = file; path = "Sora-SemiBold.ttf"; sourceTree = "<group>"; };
		2F0CB5ED2B8ED36A005C871A /* MainTabViewController.swift */ = {isa = PBXFileReference; lastKnownFileType = sourcecode.swift; path = MainTabViewController.swift; sourceTree = "<group>"; };
		2F0CB5EF2B8ED89B005C871A /* MainTabViewController.storyboard */ = {isa = PBXFileReference; lastKnownFileType = file.storyboard; path = MainTabViewController.storyboard; sourceTree = "<group>"; };
		2F0CB5F12B8EF540005C871A /* LinkPassword.entitlements */ = {isa = PBXFileReference; lastKnownFileType = text.plist.entitlements; path = LinkPassword.entitlements; sourceTree = "<group>"; };
		2F0CB5F32B8EFB20005C871A /* HomeViewController.storyboard */ = {isa = PBXFileReference; lastKnownFileType = file.storyboard; path = HomeViewController.storyboard; sourceTree = "<group>"; };
		2F0CB5F72B8EFB8F005C871A /* DI+Home.swift */ = {isa = PBXFileReference; lastKnownFileType = sourcecode.swift; path = "DI+Home.swift"; sourceTree = "<group>"; };
		2F0CB5F92B8EFB97005C871A /* HomeViewController.swift */ = {isa = PBXFileReference; lastKnownFileType = sourcecode.swift; path = HomeViewController.swift; sourceTree = "<group>"; };
		2F0CB5FB2B8EFBA1005C871A /* HomeViewModel.swift */ = {isa = PBXFileReference; lastKnownFileType = sourcecode.swift; path = HomeViewModel.swift; sourceTree = "<group>"; };
		2F0CB5FD2B8EFBC3005C871A /* HomeViewTypes.swift */ = {isa = PBXFileReference; lastKnownFileType = sourcecode.swift; path = HomeViewTypes.swift; sourceTree = "<group>"; };
		2F0CB6002B8EFBE6005C871A /* SettingsViewController.swift */ = {isa = PBXFileReference; lastKnownFileType = sourcecode.swift; path = SettingsViewController.swift; sourceTree = "<group>"; };
		2F0CB6022B8EFBEE005C871A /* SettingsViewModel.swift */ = {isa = PBXFileReference; lastKnownFileType = sourcecode.swift; path = SettingsViewModel.swift; sourceTree = "<group>"; };
		2F0CB6042B8EFBF7005C871A /* SettingsViewTypes.swift */ = {isa = PBXFileReference; lastKnownFileType = sourcecode.swift; path = SettingsViewTypes.swift; sourceTree = "<group>"; };
		2F0CB6062B8EFC4E005C871A /* DI+Settings.swift */ = {isa = PBXFileReference; lastKnownFileType = sourcecode.swift; path = "DI+Settings.swift"; sourceTree = "<group>"; };
		2F0CB6082B8EFC59005C871A /* SettingsViewController.storyboard */ = {isa = PBXFileReference; lastKnownFileType = file.storyboard; path = SettingsViewController.storyboard; sourceTree = "<group>"; };
		2F0CB60F2B8EFE1E005C871A /* DiscoverPasswordViewController.storyboard */ = {isa = PBXFileReference; lastKnownFileType = file.storyboard; path = DiscoverPasswordViewController.storyboard; sourceTree = "<group>"; };
		2F0CB6112B8EFE2A005C871A /* DI+DiscoverPassword.swift */ = {isa = PBXFileReference; lastKnownFileType = sourcecode.swift; path = "DI+DiscoverPassword.swift"; sourceTree = "<group>"; };
		2F0CB6132B8EFE3E005C871A /* DiscoverPasswordViewController.swift */ = {isa = PBXFileReference; lastKnownFileType = sourcecode.swift; path = DiscoverPasswordViewController.swift; sourceTree = "<group>"; };
		2F0CB6152B8EFE4C005C871A /* DiscoverPasswordViewModel.swift */ = {isa = PBXFileReference; lastKnownFileType = sourcecode.swift; path = DiscoverPasswordViewModel.swift; sourceTree = "<group>"; };
		2F0CB6172B8EFE56005C871A /* DiscoverPasswordViewTypes.swift */ = {isa = PBXFileReference; lastKnownFileType = sourcecode.swift; path = DiscoverPasswordViewTypes.swift; sourceTree = "<group>"; };
		2F0CB61D2B8EFED3005C871A /* ChangePasswordViewController.swift */ = {isa = PBXFileReference; lastKnownFileType = sourcecode.swift; path = ChangePasswordViewController.swift; sourceTree = "<group>"; };
		2F0CB61F2B8EFEDC005C871A /* ChangePasswordViewModel.swift */ = {isa = PBXFileReference; lastKnownFileType = sourcecode.swift; path = ChangePasswordViewModel.swift; sourceTree = "<group>"; };
		2F0CB6212B8EFEE8005C871A /* ChangePasswordViewTypes.swift */ = {isa = PBXFileReference; lastKnownFileType = sourcecode.swift; path = ChangePasswordViewTypes.swift; sourceTree = "<group>"; };
		2F0CB6232B8EFEF2005C871A /* DI+ChangePassword.swift */ = {isa = PBXFileReference; lastKnownFileType = sourcecode.swift; path = "DI+ChangePassword.swift"; sourceTree = "<group>"; };
		2F0CB6262B8EFF0B005C871A /* DI+Verification.swift */ = {isa = PBXFileReference; lastKnownFileType = sourcecode.swift; path = "DI+Verification.swift"; sourceTree = "<group>"; };
		2F0CB6292B8EFF26005C871A /* VerificationViewController.swift */ = {isa = PBXFileReference; lastKnownFileType = sourcecode.swift; path = VerificationViewController.swift; sourceTree = "<group>"; };
		2F0CB62B2B8EFF30005C871A /* VerificationViewModel.swift */ = {isa = PBXFileReference; lastKnownFileType = sourcecode.swift; path = VerificationViewModel.swift; sourceTree = "<group>"; };
		2F0CB62D2B8EFF3B005C871A /* VerificationViewTypes.swift */ = {isa = PBXFileReference; lastKnownFileType = sourcecode.swift; path = VerificationViewTypes.swift; sourceTree = "<group>"; };
		2F0CB62F2B8EFF49005C871A /* VerificationViewController.storyboard */ = {isa = PBXFileReference; lastKnownFileType = file.storyboard; path = VerificationViewController.storyboard; sourceTree = "<group>"; };
		2F0CB6312B8EFF57005C871A /* ChangePasswordViewController.storyboard */ = {isa = PBXFileReference; lastKnownFileType = file.storyboard; path = ChangePasswordViewController.storyboard; sourceTree = "<group>"; };
		2F0CB6332B8F1588005C871A /* CategoryEnum.swift */ = {isa = PBXFileReference; lastKnownFileType = sourcecode.swift; path = CategoryEnum.swift; sourceTree = "<group>"; };
		2F0CB6382B8F1825005C871A /* CategoryFilterCollectionViewCell.swift */ = {isa = PBXFileReference; lastKnownFileType = sourcecode.swift; path = CategoryFilterCollectionViewCell.swift; sourceTree = "<group>"; };
		2F0CB6392B8F1825005C871A /* CategoryFilterCollectionViewCell.xib */ = {isa = PBXFileReference; lastKnownFileType = file.xib; path = CategoryFilterCollectionViewCell.xib; sourceTree = "<group>"; };
		2F74FAF62B8CCD0700FE8DF2 /* UIViewController+RxViewControllerCycle.swift */ = {isa = PBXFileReference; lastKnownFileType = sourcecode.swift; path = "UIViewController+RxViewControllerCycle.swift"; sourceTree = "<group>"; };
		2F74FAF92B8CCD8500FE8DF2 /* Observable+Ext.swift */ = {isa = PBXFileReference; lastKnownFileType = sourcecode.swift; path = "Observable+Ext.swift"; sourceTree = "<group>"; };
		2F74FAFB2B8CCDBF00FE8DF2 /* RxOperator.swift */ = {isa = PBXFileReference; lastKnownFileType = sourcecode.swift; path = RxOperator.swift; sourceTree = "<group>"; };
		2F74FB012B8CCE3800FE8DF2 /* ViewControllerCycleImplType.swift */ = {isa = PBXFileReference; lastKnownFileType = sourcecode.swift; path = ViewControllerCycleImplType.swift; sourceTree = "<group>"; };
		2F74FB082B8CD48400FE8DF2 /* DismissResult.swift */ = {isa = PBXFileReference; lastKnownFileType = sourcecode.swift; path = DismissResult.swift; sourceTree = "<group>"; };
		2F74FB0A2B8CD49D00FE8DF2 /* DismissWithResultProtocol.swift */ = {isa = PBXFileReference; lastKnownFileType = sourcecode.swift; path = DismissWithResultProtocol.swift; sourceTree = "<group>"; };
		2F74FB0C2B8CD4A900FE8DF2 /* DismissWithResultProtocol+Extension.swift */ = {isa = PBXFileReference; lastKnownFileType = sourcecode.swift; path = "DismissWithResultProtocol+Extension.swift"; sourceTree = "<group>"; };
		2F74FB0E2B8CD4B400FE8DF2 /* DismissWithResultProtocol+Rx.swift */ = {isa = PBXFileReference; lastKnownFileType = sourcecode.swift; path = "DismissWithResultProtocol+Rx.swift"; sourceTree = "<group>"; };
		2F74FB102B8CD4BE00FE8DF2 /* UIViewController+DismissWithResultHelper.swift */ = {isa = PBXFileReference; lastKnownFileType = sourcecode.swift; path = "UIViewController+DismissWithResultHelper.swift"; sourceTree = "<group>"; };
		2F74FB122B8CD4C800FE8DF2 /* UIViewController+DismissWithResultProtocol.swift */ = {isa = PBXFileReference; lastKnownFileType = sourcecode.swift; path = "UIViewController+DismissWithResultProtocol.swift"; sourceTree = "<group>"; };
		2F74FB162B8CD54600FE8DF2 /* AppWindow.swift */ = {isa = PBXFileReference; lastKnownFileType = sourcecode.swift; path = AppWindow.swift; sourceTree = "<group>"; };
		2F74FB182B8CD55100FE8DF2 /* DisposeOnWillRemoveFromParentType.swift */ = {isa = PBXFileReference; lastKnownFileType = sourcecode.swift; path = DisposeOnWillRemoveFromParentType.swift; sourceTree = "<group>"; };
		2F74FB1A2B8CD56E00FE8DF2 /* DisposeOnWillRemoveFromParentType+Extension.swift */ = {isa = PBXFileReference; lastKnownFileType = sourcecode.swift; path = "DisposeOnWillRemoveFromParentType+Extension.swift"; sourceTree = "<group>"; };
		2F74FB1C2B8CD57C00FE8DF2 /* UIView+Disposable.swift */ = {isa = PBXFileReference; lastKnownFileType = sourcecode.swift; path = "UIView+Disposable.swift"; sourceTree = "<group>"; };
		2F74FB1E2B8CD58700FE8DF2 /* UIView+DisposeBagHolderType.swift */ = {isa = PBXFileReference; lastKnownFileType = sourcecode.swift; path = "UIView+DisposeBagHolderType.swift"; sourceTree = "<group>"; };
		2F74FB202B8CD59300FE8DF2 /* UIViewController+Disposable.swift */ = {isa = PBXFileReference; lastKnownFileType = sourcecode.swift; path = "UIViewController+Disposable.swift"; sourceTree = "<group>"; };
		2F74FB222B8CD59F00FE8DF2 /* UIViewController+DisposeBagHolderType.swift */ = {isa = PBXFileReference; lastKnownFileType = sourcecode.swift; path = "UIViewController+DisposeBagHolderType.swift"; sourceTree = "<group>"; };
		2F74FB242B8CD5AB00FE8DF2 /* UIViewController+DisposeOnWillRemoveFromParentType.swift */ = {isa = PBXFileReference; lastKnownFileType = sourcecode.swift; path = "UIViewController+DisposeOnWillRemoveFromParentType.swift"; sourceTree = "<group>"; };
		2F74FB282B8CD5CA00FE8DF2 /* DisposableEvent.swift */ = {isa = PBXFileReference; lastKnownFileType = sourcecode.swift; path = DisposableEvent.swift; sourceTree = "<group>"; };
		2F74FB2A2B8CD5D600FE8DF2 /* PresentationBinding.swift */ = {isa = PBXFileReference; lastKnownFileType = sourcecode.swift; path = PresentationBinding.swift; sourceTree = "<group>"; };
		2F74FB2C2B8CD5E300FE8DF2 /* ViewEvent.swift */ = {isa = PBXFileReference; lastKnownFileType = sourcecode.swift; path = ViewEvent.swift; sourceTree = "<group>"; };
		2F74FB2E2B8CD5EF00FE8DF2 /* ViewType.swift */ = {isa = PBXFileReference; lastKnownFileType = sourcecode.swift; path = ViewType.swift; sourceTree = "<group>"; };
		2F74FB302B8CD5FB00FE8DF2 /* ViewModelType.swift */ = {isa = PBXFileReference; lastKnownFileType = sourcecode.swift; path = ViewModelType.swift; sourceTree = "<group>"; };
		2F74FB352B8CD6F200FE8DF2 /* BaseViewType.swift */ = {isa = PBXFileReference; lastKnownFileType = sourcecode.swift; path = BaseViewType.swift; sourceTree = "<group>"; };
		2F74FB372B8CD6FB00FE8DF2 /* BaseViewController.swift */ = {isa = PBXFileReference; lastKnownFileType = sourcecode.swift; path = BaseViewController.swift; sourceTree = "<group>"; };
		2F74FB392B8CD70700FE8DF2 /* BaseViewModelType.swift */ = {isa = PBXFileReference; lastKnownFileType = sourcecode.swift; path = BaseViewModelType.swift; sourceTree = "<group>"; };
		2F74FB3B2B8CD71300FE8DF2 /* BaseViewModel.swift */ = {isa = PBXFileReference; lastKnownFileType = sourcecode.swift; path = BaseViewModel.swift; sourceTree = "<group>"; };
		2F74FB3E2B8CD73900FE8DF2 /* BaseNavigationChildViewController.swift */ = {isa = PBXFileReference; lastKnownFileType = sourcecode.swift; path = BaseNavigationChildViewController.swift; sourceTree = "<group>"; };
		2F74FB402B8CD74500FE8DF2 /* BaseNavigationController.swift */ = {isa = PBXFileReference; lastKnownFileType = sourcecode.swift; path = BaseNavigationController.swift; sourceTree = "<group>"; };
		2F74FB452B8CD83000FE8DF2 /* DI.swift */ = {isa = PBXFileReference; lastKnownFileType = sourcecode.swift; path = DI.swift; sourceTree = "<group>"; };
		2F74FB472B8CD83B00FE8DF2 /* DI+DIRegistor.swift */ = {isa = PBXFileReference; lastKnownFileType = sourcecode.swift; path = "DI+DIRegistor.swift"; sourceTree = "<group>"; };
		2F74FB4B2B8CD8A600FE8DF2 /* DI+Model.swift */ = {isa = PBXFileReference; lastKnownFileType = sourcecode.swift; path = "DI+Model.swift"; sourceTree = "<group>"; };
		2F74FB4E2B8CD8BD00FE8DF2 /* DI+Constant.swift */ = {isa = PBXFileReference; lastKnownFileType = sourcecode.swift; path = "DI+Constant.swift"; sourceTree = "<group>"; };
		2F74FB512B8CD8E200FE8DF2 /* DI+ViewPairs.swift */ = {isa = PBXFileReference; lastKnownFileType = sourcecode.swift; path = "DI+ViewPairs.swift"; sourceTree = "<group>"; };
		2F74FB542B8CD9A100FE8DF2 /* DI+Helper.swift */ = {isa = PBXFileReference; lastKnownFileType = sourcecode.swift; path = "DI+Helper.swift"; sourceTree = "<group>"; };
		2F74FB572B8CD9C200FE8DF2 /* DI+Service.swift */ = {isa = PBXFileReference; lastKnownFileType = sourcecode.swift; path = "DI+Service.swift"; sourceTree = "<group>"; };
		2F74FB5C2B8CDDA400FE8DF2 /* AssociatedObjectUtility.swift */ = {isa = PBXFileReference; lastKnownFileType = sourcecode.swift; path = AssociatedObjectUtility.swift; sourceTree = "<group>"; };
		2F74FB5E2B8CDDAE00FE8DF2 /* WeakAssociateObjectUtility.swift */ = {isa = PBXFileReference; lastKnownFileType = sourcecode.swift; path = WeakAssociateObjectUtility.swift; sourceTree = "<group>"; };
		2F74FB602B8CDF0F00FE8DF2 /* DisposeBagHolderType.swift */ = {isa = PBXFileReference; lastKnownFileType = sourcecode.swift; path = DisposeBagHolderType.swift; sourceTree = "<group>"; };
		2F74FB622B8CDF1A00FE8DF2 /* DisposeBagHolderType+Extension.swift */ = {isa = PBXFileReference; lastKnownFileType = sourcecode.swift; path = "DisposeBagHolderType+Extension.swift"; sourceTree = "<group>"; };
		2F74FB652B8DA27800FE8DF2 /* SplashViewController.storyboard */ = {isa = PBXFileReference; lastKnownFileType = file.storyboard; path = SplashViewController.storyboard; sourceTree = "<group>"; };
		2F74FB682B8DA29500FE8DF2 /* DI+Splash.swift */ = {isa = PBXFileReference; lastKnownFileType = sourcecode.swift; path = "DI+Splash.swift"; sourceTree = "<group>"; };
		2F74FB6B2B8DA2BB00FE8DF2 /* SplashViewController.swift */ = {isa = PBXFileReference; lastKnownFileType = sourcecode.swift; path = SplashViewController.swift; sourceTree = "<group>"; };
		2F74FB6D2B8DA2C200FE8DF2 /* SplashViewModel.swift */ = {isa = PBXFileReference; lastKnownFileType = sourcecode.swift; path = SplashViewModel.swift; sourceTree = "<group>"; };
		2F74FB6F2B8DA2CF00FE8DF2 /* SplashViewTypes.swift */ = {isa = PBXFileReference; lastKnownFileType = sourcecode.swift; path = SplashViewTypes.swift; sourceTree = "<group>"; };
		2F74FB722B8DA82E00FE8DF2 /* splash_lottie.json */ = {isa = PBXFileReference; fileEncoding = 4; lastKnownFileType = text.json; path = splash_lottie.json; sourceTree = "<group>"; };
		2F74FB762B8DA89C00FE8DF2 /* LinkPasswordEnum.swift */ = {isa = PBXFileReference; lastKnownFileType = sourcecode.swift; path = LinkPasswordEnum.swift; sourceTree = "<group>"; };
		2F74FB792B8DB51100FE8DF2 /* Constant.swift */ = {isa = PBXFileReference; lastKnownFileType = sourcecode.swift; path = Constant.swift; sourceTree = "<group>"; };
		2F74FB7B2B8DB5A500FE8DF2 /* LinkPasswordColor.swift */ = {isa = PBXFileReference; lastKnownFileType = sourcecode.swift; path = LinkPasswordColor.swift; sourceTree = "<group>"; };
		2F74FB7E2B8DBFA900FE8DF2 /* SplashMenuViewController.storyboard */ = {isa = PBXFileReference; lastKnownFileType = file.storyboard; path = SplashMenuViewController.storyboard; sourceTree = "<group>"; };
		2F74FB822B8DBFC600FE8DF2 /* DI+SplashMenu.swift */ = {isa = PBXFileReference; lastKnownFileType = sourcecode.swift; path = "DI+SplashMenu.swift"; sourceTree = "<group>"; wrapsLines = 0; };
		2F74FB842B8DBFD800FE8DF2 /* SplashMenuViewController.swift */ = {isa = PBXFileReference; lastKnownFileType = sourcecode.swift; path = SplashMenuViewController.swift; sourceTree = "<group>"; };
		2F74FB862B8DBFE000FE8DF2 /* SplashMenuViewModel.swift */ = {isa = PBXFileReference; lastKnownFileType = sourcecode.swift; path = SplashMenuViewModel.swift; sourceTree = "<group>"; };
		2F74FB882B8DBFE900FE8DF2 /* SplashMenuTypes.swift */ = {isa = PBXFileReference; lastKnownFileType = sourcecode.swift; path = SplashMenuTypes.swift; sourceTree = "<group>"; };
		2F74FB8C2B8DC1D000FE8DF2 /* PrimaryButton.swift */ = {isa = PBXFileReference; lastKnownFileType = sourcecode.swift; path = PrimaryButton.swift; sourceTree = "<group>"; };
		2F74FB8E2B8DC43500FE8DF2 /* LinkPasswordFont.swift */ = {isa = PBXFileReference; lastKnownFileType = sourcecode.swift; path = LinkPasswordFont.swift; sourceTree = "<group>"; };
		2F74FB922B8DC62800FE8DF2 /* SF-Pro-Text-Regular.otf */ = {isa = PBXFileReference; lastKnownFileType = file; path = "SF-Pro-Text-Regular.otf"; sourceTree = "<group>"; };
		2F74FB972B8DC84700FE8DF2 /* UIButton+Extension.swift */ = {isa = PBXFileReference; lastKnownFileType = sourcecode.swift; path = "UIButton+Extension.swift"; sourceTree = "<group>"; };
		2F74FB992B8DC9A500FE8DF2 /* SecondaryButton.swift */ = {isa = PBXFileReference; lastKnownFileType = sourcecode.swift; path = SecondaryButton.swift; sourceTree = "<group>"; };
		2F74FB9C2B8E1D8500FE8DF2 /* CustomIconTextField.swift */ = {isa = PBXFileReference; lastKnownFileType = sourcecode.swift; path = CustomIconTextField.swift; sourceTree = "<group>"; };
		2F74FB9F2B8E1E2A00FE8DF2 /* SignupViewController.swift */ = {isa = PBXFileReference; lastKnownFileType = sourcecode.swift; path = SignupViewController.swift; sourceTree = "<group>"; };
		2F74FBA32B8E1E4E00FE8DF2 /* SignupViewModel.swift */ = {isa = PBXFileReference; lastKnownFileType = sourcecode.swift; path = SignupViewModel.swift; sourceTree = "<group>"; };
		2F74FBA72B8E1E7000FE8DF2 /* SignupTypes.swift */ = {isa = PBXFileReference; lastKnownFileType = sourcecode.swift; path = SignupTypes.swift; sourceTree = "<group>"; };
		2F74FBA92B8E1E7C00FE8DF2 /* Di+Signup.swift */ = {isa = PBXFileReference; lastKnownFileType = sourcecode.swift; path = "Di+Signup.swift"; sourceTree = "<group>"; };
		2F74FBAB2B8E1E8A00FE8DF2 /* SignupViewController.storyboard */ = {isa = PBXFileReference; lastKnownFileType = file.storyboard; path = SignupViewController.storyboard; sourceTree = "<group>"; };
		2F74FBAE2B8E1EB800FE8DF2 /* SigninViewController.storyboard */ = {isa = PBXFileReference; lastKnownFileType = file.storyboard; path = SigninViewController.storyboard; sourceTree = "<group>"; };
		2F74FBB12B8E1F3200FE8DF2 /* DI+Signin.swift */ = {isa = PBXFileReference; lastKnownFileType = sourcecode.swift; path = "DI+Signin.swift"; sourceTree = "<group>"; };
		2F74FBB42B8E1F5300FE8DF2 /* SigninViewController.swift */ = {isa = PBXFileReference; lastKnownFileType = sourcecode.swift; path = SigninViewController.swift; sourceTree = "<group>"; };
		2F74FBB62B8E1F5E00FE8DF2 /* SigninViewModel.swift */ = {isa = PBXFileReference; lastKnownFileType = sourcecode.swift; path = SigninViewModel.swift; sourceTree = "<group>"; };
		2F74FBB82B8E1F6800FE8DF2 /* SigninTypes.swift */ = {isa = PBXFileReference; lastKnownFileType = sourcecode.swift; path = SigninTypes.swift; sourceTree = "<group>"; };
		2F7D53202B8C74EA00C73310 /* LinkPassword.app */ = {isa = PBXFileReference; explicitFileType = wrapper.application; includeInIndex = 0; path = LinkPassword.app; sourceTree = BUILT_PRODUCTS_DIR; };
		2F7D53232B8C74EA00C73310 /* AppDelegate.swift */ = {isa = PBXFileReference; lastKnownFileType = sourcecode.swift; path = AppDelegate.swift; sourceTree = "<group>"; };
		2F7D53252B8C74EA00C73310 /* SceneDelegate.swift */ = {isa = PBXFileReference; lastKnownFileType = sourcecode.swift; path = SceneDelegate.swift; sourceTree = "<group>"; };
		2F7D53272B8C74EA00C73310 /* ViewController.swift */ = {isa = PBXFileReference; lastKnownFileType = sourcecode.swift; path = ViewController.swift; sourceTree = "<group>"; };
		2F7D532A2B8C74EA00C73310 /* Base */ = {isa = PBXFileReference; lastKnownFileType = file.storyboard; name = Base; path = Base.lproj/Main.storyboard; sourceTree = "<group>"; };
		2F7D532D2B8C74EA00C73310 /* LinkPassword.xcdatamodel */ = {isa = PBXFileReference; lastKnownFileType = wrapper.xcdatamodel; path = LinkPassword.xcdatamodel; sourceTree = "<group>"; };
		2F7D532F2B8C74EB00C73310 /* Assets.xcassets */ = {isa = PBXFileReference; lastKnownFileType = folder.assetcatalog; path = Assets.xcassets; sourceTree = "<group>"; };
		2F7D53322B8C74EB00C73310 /* Base */ = {isa = PBXFileReference; lastKnownFileType = file.storyboard; name = Base; path = Base.lproj/LaunchScreen.storyboard; sourceTree = "<group>"; };
		2F7D53342B8C74EB00C73310 /* Info.plist */ = {isa = PBXFileReference; lastKnownFileType = text.plist.xml; path = Info.plist; sourceTree = "<group>"; };
		2F7D53392B8C74EB00C73310 /* LinkPasswordTests.xctest */ = {isa = PBXFileReference; explicitFileType = wrapper.cfbundle; includeInIndex = 0; path = LinkPasswordTests.xctest; sourceTree = BUILT_PRODUCTS_DIR; };
		2F7D533D2B8C74EB00C73310 /* LinkPasswordTests.swift */ = {isa = PBXFileReference; lastKnownFileType = sourcecode.swift; path = LinkPasswordTests.swift; sourceTree = "<group>"; };
		2F7D53432B8C74EB00C73310 /* LinkPasswordUITests.xctest */ = {isa = PBXFileReference; explicitFileType = wrapper.cfbundle; includeInIndex = 0; path = LinkPasswordUITests.xctest; sourceTree = BUILT_PRODUCTS_DIR; };
		2F7D53472B8C74EB00C73310 /* LinkPasswordUITests.swift */ = {isa = PBXFileReference; lastKnownFileType = sourcecode.swift; path = LinkPasswordUITests.swift; sourceTree = "<group>"; };
		2F7D53492B8C74EB00C73310 /* LinkPasswordUITestsLaunchTests.swift */ = {isa = PBXFileReference; lastKnownFileType = sourcecode.swift; path = LinkPasswordUITestsLaunchTests.swift; sourceTree = "<group>"; };
		2FB1B90F2B8E2D1400D5C0F6 /* BarItem.swift */ = {isa = PBXFileReference; lastKnownFileType = sourcecode.swift; path = BarItem.swift; sourceTree = "<group>"; };
		2FB1B9112B8E2D4E00D5C0F6 /* BarItemViewType.swift */ = {isa = PBXFileReference; lastKnownFileType = sourcecode.swift; path = BarItemViewType.swift; sourceTree = "<group>"; };
		2FB1B9132B8E2D5700D5C0F6 /* UIViewController+BarItemsViewType.swift */ = {isa = PBXFileReference; lastKnownFileType = sourcecode.swift; path = "UIViewController+BarItemsViewType.swift"; sourceTree = "<group>"; };
		2FB1B9152B8E2D6100D5C0F6 /* UIViewController+RxBarItemsViewType.swift */ = {isa = PBXFileReference; lastKnownFileType = sourcecode.swift; path = "UIViewController+RxBarItemsViewType.swift"; sourceTree = "<group>"; };
		2FB1B91A2B8E2E3C00D5C0F6 /* BackBarItem.swift */ = {isa = PBXFileReference; lastKnownFileType = sourcecode.swift; path = BackBarItem.swift; sourceTree = "<group>"; };
		2FB1B91C2B8E2EE500D5C0F6 /* CloseBarItem.swift */ = {isa = PBXFileReference; lastKnownFileType = sourcecode.swift; path = CloseBarItem.swift; sourceTree = "<group>"; };
		9EC5C471481F999D9410DF93 /* Pods_LinkPassword.framework */ = {isa = PBXFileReference; explicitFileType = wrapper.framework; includeInIndex = 0; path = Pods_LinkPassword.framework; sourceTree = BUILT_PRODUCTS_DIR; };
		AA3C16C69E735EF7B72071B9 /* Pods-LinkPassword.debug.xcconfig */ = {isa = PBXFileReference; includeInIndex = 1; lastKnownFileType = text.xcconfig; name = "Pods-LinkPassword.debug.xcconfig"; path = "Target Support Files/Pods-LinkPassword/Pods-LinkPassword.debug.xcconfig"; sourceTree = "<group>"; };
		F82EECC2BC7354E06E2FAA49 /* Pods-LinkPassword.release.xcconfig */ = {isa = PBXFileReference; includeInIndex = 1; lastKnownFileType = text.xcconfig; name = "Pods-LinkPassword.release.xcconfig"; path = "Target Support Files/Pods-LinkPassword/Pods-LinkPassword.release.xcconfig"; sourceTree = "<group>"; };
/* End PBXFileReference section */

/* Begin PBXFrameworksBuildPhase section */
		2F7D531D2B8C74EA00C73310 /* Frameworks */ = {
			isa = PBXFrameworksBuildPhase;
			buildActionMask = 2147483647;
			files = (
				B4605CB4DFE60B60C017B050 /* Pods_LinkPassword.framework in Frameworks */,
			);
			runOnlyForDeploymentPostprocessing = 0;
		};
		2F7D53362B8C74EB00C73310 /* Frameworks */ = {
			isa = PBXFrameworksBuildPhase;
			buildActionMask = 2147483647;
			files = (
			);
			runOnlyForDeploymentPostprocessing = 0;
		};
		2F7D53402B8C74EB00C73310 /* Frameworks */ = {
			isa = PBXFrameworksBuildPhase;
			buildActionMask = 2147483647;
			files = (
			);
			runOnlyForDeploymentPostprocessing = 0;
		};
/* End PBXFrameworksBuildPhase section */

/* Begin PBXGroup section */
		2F0CB5EC2B8ED2B4005C871A /* MainTabBar */ = {
			isa = PBXGroup;
			children = (
				2F0CB5EF2B8ED89B005C871A /* MainTabViewController.storyboard */,
				2F0CB5ED2B8ED36A005C871A /* MainTabViewController.swift */,
			);
			path = MainTabBar;
			sourceTree = "<group>";
		};
		2F0CB5F22B8EFB09005C871A /* Home */ = {
			isa = PBXGroup;
			children = (
				2F0CB5F32B8EFB20005C871A /* HomeViewController.storyboard */,
				2F0CB5F52B8EFB23005C871A /* Constant */,
				2F0CB5F62B8EFB76005C871A /* Scene */,
				2F0CB6352B8F1629005C871A /* View */,
			);
			path = Home;
			sourceTree = "<group>";
		};
		2F0CB5F52B8EFB23005C871A /* Constant */ = {
			isa = PBXGroup;
			children = (
				2F0CB5F72B8EFB8F005C871A /* DI+Home.swift */,
				2F0CB6332B8F1588005C871A /* CategoryEnum.swift */,
			);
			path = Constant;
			sourceTree = "<group>";
		};
		2F0CB5F62B8EFB76005C871A /* Scene */ = {
			isa = PBXGroup;
			children = (
				2F0CB5F92B8EFB97005C871A /* HomeViewController.swift */,
				2F0CB5FB2B8EFBA1005C871A /* HomeViewModel.swift */,
				2F0CB5FD2B8EFBC3005C871A /* HomeViewTypes.swift */,
			);
			path = Scene;
			sourceTree = "<group>";
		};
		2F0CB5FF2B8EFBCE005C871A /* Settings */ = {
			isa = PBXGroup;
			children = (
				2F0CB6082B8EFC59005C871A /* SettingsViewController.storyboard */,
				2F0CB60A2B8EFC5C005C871A /* Constant */,
				2F0CB60B2B8EFC62005C871A /* Scene */,
			);
			path = Settings;
			sourceTree = "<group>";
		};
		2F0CB60A2B8EFC5C005C871A /* Constant */ = {
			isa = PBXGroup;
			children = (
				2F0CB6062B8EFC4E005C871A /* DI+Settings.swift */,
			);
			path = Constant;
			sourceTree = "<group>";
		};
		2F0CB60B2B8EFC62005C871A /* Scene */ = {
			isa = PBXGroup;
			children = (
				2F0CB6002B8EFBE6005C871A /* SettingsViewController.swift */,
				2F0CB6022B8EFBEE005C871A /* SettingsViewModel.swift */,
				2F0CB6042B8EFBF7005C871A /* SettingsViewTypes.swift */,
			);
			path = Scene;
			sourceTree = "<group>";
		};
		2F0CB60C2B8EFDD2005C871A /* DiscoverPassword */ = {
			isa = PBXGroup;
			children = (
				2F0CB60F2B8EFE1E005C871A /* DiscoverPasswordViewController.storyboard */,
				2F0CB60E2B8EFE08005C871A /* Constant */,
				2F0CB60D2B8EFE04005C871A /* Scene */,
			);
			path = DiscoverPassword;
			sourceTree = "<group>";
		};
		2F0CB60D2B8EFE04005C871A /* Scene */ = {
			isa = PBXGroup;
			children = (
				2F0CB6132B8EFE3E005C871A /* DiscoverPasswordViewController.swift */,
				2F0CB6152B8EFE4C005C871A /* DiscoverPasswordViewModel.swift */,
				2F0CB6172B8EFE56005C871A /* DiscoverPasswordViewTypes.swift */,
			);
			path = Scene;
			sourceTree = "<group>";
		};
		2F0CB60E2B8EFE08005C871A /* Constant */ = {
			isa = PBXGroup;
			children = (
				2F0CB6112B8EFE2A005C871A /* DI+DiscoverPassword.swift */,
			);
			path = Constant;
			sourceTree = "<group>";
		};
		2F0CB6192B8EFE99005C871A /* ChangePassword */ = {
			isa = PBXGroup;
			children = (
				2F0CB6312B8EFF57005C871A /* ChangePasswordViewController.storyboard */,
				2F0CB61C2B8EFEC4005C871A /* Constant */,
				2F0CB61B2B8EFEBF005C871A /* Scene */,
			);
			path = ChangePassword;
			sourceTree = "<group>";
		};
		2F0CB61A2B8EFEAB005C871A /* Verification */ = {
			isa = PBXGroup;
			children = (
				2F0CB62F2B8EFF49005C871A /* VerificationViewController.storyboard */,
				2F0CB6252B8EFEFB005C871A /* Constant */,
				2F0CB6282B8EFF0F005C871A /* Scene */,
			);
			path = Verification;
			sourceTree = "<group>";
		};
		2F0CB61B2B8EFEBF005C871A /* Scene */ = {
			isa = PBXGroup;
			children = (
				2F0CB61D2B8EFED3005C871A /* ChangePasswordViewController.swift */,
				2F0CB61F2B8EFEDC005C871A /* ChangePasswordViewModel.swift */,
				2F0CB6212B8EFEE8005C871A /* ChangePasswordViewTypes.swift */,
			);
			path = Scene;
			sourceTree = "<group>";
		};
		2F0CB61C2B8EFEC4005C871A /* Constant */ = {
			isa = PBXGroup;
			children = (
				2F0CB6232B8EFEF2005C871A /* DI+ChangePassword.swift */,
			);
			path = Constant;
			sourceTree = "<group>";
		};
		2F0CB6252B8EFEFB005C871A /* Constant */ = {
			isa = PBXGroup;
			children = (
				2F0CB6262B8EFF0B005C871A /* DI+Verification.swift */,
			);
			path = Constant;
			sourceTree = "<group>";
		};
		2F0CB6282B8EFF0F005C871A /* Scene */ = {
			isa = PBXGroup;
			children = (
				2F0CB6292B8EFF26005C871A /* VerificationViewController.swift */,
				2F0CB62B2B8EFF30005C871A /* VerificationViewModel.swift */,
				2F0CB62D2B8EFF3B005C871A /* VerificationViewTypes.swift */,
			);
			path = Scene;
			sourceTree = "<group>";
		};
		2F0CB6352B8F1629005C871A /* View */ = {
			isa = PBXGroup;
			children = (
				2F0CB6382B8F1825005C871A /* CategoryFilterCollectionViewCell.swift */,
				2F0CB6392B8F1825005C871A /* CategoryFilterCollectionViewCell.xib */,
			);
			path = View;
			sourceTree = "<group>";
		};
		2F74FAF42B8CCCC700FE8DF2 /* Architecture */ = {
			isa = PBXGroup;
			children = (
				2F74FAF52B8CCCF000FE8DF2 /* ViewControllerCycle */,
				2F74FB062B8CD13F00FE8DF2 /* BarItem */,
				2F74FB072B8CD46000FE8DF2 /* DismissWithResult */,
				2F74FB142B8CD4D700FE8DF2 /* Dispose */,
				2F74FB152B8CD4E800FE8DF2 /* MVVM */,
			);
			path = Architecture;
			sourceTree = "<group>";
		};
		2F74FAF52B8CCCF000FE8DF2 /* ViewControllerCycle */ = {
			isa = PBXGroup;
			children = (
				2F74FAF62B8CCD0700FE8DF2 /* UIViewController+RxViewControllerCycle.swift */,
				2F74FB012B8CCE3800FE8DF2 /* ViewControllerCycleImplType.swift */,
			);
			path = ViewControllerCycle;
			sourceTree = "<group>";
		};
		2F74FAF82B8CCD5900FE8DF2 /* RxHelper */ = {
			isa = PBXGroup;
			children = (
				2F74FAFB2B8CCDBF00FE8DF2 /* RxOperator.swift */,
				2F74FB602B8CDF0F00FE8DF2 /* DisposeBagHolderType.swift */,
				2F74FB622B8CDF1A00FE8DF2 /* DisposeBagHolderType+Extension.swift */,
				2F74FAF92B8CCD8500FE8DF2 /* Observable+Ext.swift */,
			);
			path = RxHelper;
			sourceTree = "<group>";
		};
		2F74FB032B8CCEA500FE8DF2 /* Library */ = {
			isa = PBXGroup;
			children = (
				2F74FAF82B8CCD5900FE8DF2 /* RxHelper */,
				2F74FAF42B8CCCC700FE8DF2 /* Architecture */,
			);
			path = Library;
			sourceTree = "<group>";
		};
		2F74FB062B8CD13F00FE8DF2 /* BarItem */ = {
			isa = PBXGroup;
			children = (
				2FB1B90F2B8E2D1400D5C0F6 /* BarItem.swift */,
				2FB1B9112B8E2D4E00D5C0F6 /* BarItemViewType.swift */,
				2FB1B9132B8E2D5700D5C0F6 /* UIViewController+BarItemsViewType.swift */,
				2FB1B9152B8E2D6100D5C0F6 /* UIViewController+RxBarItemsViewType.swift */,
			);
			path = BarItem;
			sourceTree = "<group>";
		};
		2F74FB072B8CD46000FE8DF2 /* DismissWithResult */ = {
			isa = PBXGroup;
			children = (
				2F74FB082B8CD48400FE8DF2 /* DismissResult.swift */,
				2F74FB0A2B8CD49D00FE8DF2 /* DismissWithResultProtocol.swift */,
				2F74FB0C2B8CD4A900FE8DF2 /* DismissWithResultProtocol+Extension.swift */,
				2F74FB0E2B8CD4B400FE8DF2 /* DismissWithResultProtocol+Rx.swift */,
				2F74FB102B8CD4BE00FE8DF2 /* UIViewController+DismissWithResultHelper.swift */,
				2F74FB122B8CD4C800FE8DF2 /* UIViewController+DismissWithResultProtocol.swift */,
			);
			path = DismissWithResult;
			sourceTree = "<group>";
		};
		2F74FB142B8CD4D700FE8DF2 /* Dispose */ = {
			isa = PBXGroup;
			children = (
				2F74FB162B8CD54600FE8DF2 /* AppWindow.swift */,
				2F74FB182B8CD55100FE8DF2 /* DisposeOnWillRemoveFromParentType.swift */,
				2F74FB1A2B8CD56E00FE8DF2 /* DisposeOnWillRemoveFromParentType+Extension.swift */,
				2F74FB1C2B8CD57C00FE8DF2 /* UIView+Disposable.swift */,
				2F74FB1E2B8CD58700FE8DF2 /* UIView+DisposeBagHolderType.swift */,
				2F74FB202B8CD59300FE8DF2 /* UIViewController+Disposable.swift */,
				2F74FB222B8CD59F00FE8DF2 /* UIViewController+DisposeBagHolderType.swift */,
				2F74FB242B8CD5AB00FE8DF2 /* UIViewController+DisposeOnWillRemoveFromParentType.swift */,
			);
			path = Dispose;
			sourceTree = "<group>";
		};
		2F74FB152B8CD4E800FE8DF2 /* MVVM */ = {
			isa = PBXGroup;
			children = (
				2F74FB282B8CD5CA00FE8DF2 /* DisposableEvent.swift */,
				2F74FB2A2B8CD5D600FE8DF2 /* PresentationBinding.swift */,
				2F74FB2C2B8CD5E300FE8DF2 /* ViewEvent.swift */,
				2F74FB2E2B8CD5EF00FE8DF2 /* ViewType.swift */,
				2F74FB302B8CD5FB00FE8DF2 /* ViewModelType.swift */,
			);
			path = MVVM;
			sourceTree = "<group>";
		};
		2F74FB322B8CD69100FE8DF2 /* App */ = {
			isa = PBXGroup;
			children = (
				2F74FB332B8CD69B00FE8DF2 /* Architecture */,
				2F74FB742B8DA88300FE8DF2 /* Constant */,
				2F74FB952B8DC80A00FE8DF2 /* Helper */,
				2F74FB422B8CD75C00FE8DF2 /* Modules */,
				2F74FB592B8CDD5100FE8DF2 /* Utilities */,
			);
			path = App;
			sourceTree = "<group>";
		};
		2F74FB332B8CD69B00FE8DF2 /* Architecture */ = {
			isa = PBXGroup;
			children = (
				2FB1B9172B8E2DF200D5C0F6 /* BarItem */,
				2F74FB342B8CD6E100FE8DF2 /* MVVM */,
				2F74FB3D2B8CD72000FE8DF2 /* NavigationController */,
			);
			path = Architecture;
			sourceTree = "<group>";
		};
		2F74FB342B8CD6E100FE8DF2 /* MVVM */ = {
			isa = PBXGroup;
			children = (
				2F74FB352B8CD6F200FE8DF2 /* BaseViewType.swift */,
				2F74FB372B8CD6FB00FE8DF2 /* BaseViewController.swift */,
				2F74FB392B8CD70700FE8DF2 /* BaseViewModelType.swift */,
				2F74FB3B2B8CD71300FE8DF2 /* BaseViewModel.swift */,
			);
			path = MVVM;
			sourceTree = "<group>";
		};
		2F74FB3D2B8CD72000FE8DF2 /* NavigationController */ = {
			isa = PBXGroup;
			children = (
				2F74FB3E2B8CD73900FE8DF2 /* BaseNavigationChildViewController.swift */,
				2F74FB402B8CD74500FE8DF2 /* BaseNavigationController.swift */,
			);
			path = NavigationController;
			sourceTree = "<group>";
		};
		2F74FB422B8CD75C00FE8DF2 /* Modules */ = {
			isa = PBXGroup;
			children = (
				2F74FB432B8CD7C900FE8DF2 /* Base */,
				2F74FB642B8D9F1E00FE8DF2 /* Splash */,
				2F74FB7D2B8DBF9000FE8DF2 /* SplashMenu */,
				2F74FB9E2B8E1E1700FE8DF2 /* Signup */,
				2F74FBAD2B8E1E9300FE8DF2 /* Signin */,
				2F0CB5EC2B8ED2B4005C871A /* MainTabBar */,
				2F0CB5F22B8EFB09005C871A /* Home */,
				2F0CB5FF2B8EFBCE005C871A /* Settings */,
				2F0CB60C2B8EFDD2005C871A /* DiscoverPassword */,
				2F0CB6192B8EFE99005C871A /* ChangePassword */,
				2F0CB61A2B8EFEAB005C871A /* Verification */,
			);
			path = Modules;
			sourceTree = "<group>";
		};
		2F74FB432B8CD7C900FE8DF2 /* Base */ = {
			isa = PBXGroup;
			children = (
				2F74FB442B8CD7E900FE8DF2 /* DI */,
				2F74FB8A2B8DC1B100FE8DF2 /* View */,
			);
			path = Base;
			sourceTree = "<group>";
		};
		2F74FB442B8CD7E900FE8DF2 /* DI */ = {
			isa = PBXGroup;
			children = (
				2F74FB452B8CD83000FE8DF2 /* DI.swift */,
				2F74FB472B8CD83B00FE8DF2 /* DI+DIRegistor.swift */,
				2F74FB492B8CD84100FE8DF2 /* DI+DIRegistor */,
			);
			path = DI;
			sourceTree = "<group>";
		};
		2F74FB492B8CD84100FE8DF2 /* DI+DIRegistor */ = {
			isa = PBXGroup;
			children = (
				2F74FB4A2B8CD89200FE8DF2 /* Model */,
				2F74FB4D2B8CD8A900FE8DF2 /* Constant */,
				2F74FB502B8CD8C300FE8DF2 /* Module */,
				2F74FB532B8CD98400FE8DF2 /* Helper */,
				2F74FB562B8CD9A400FE8DF2 /* Service */,
			);
			path = "DI+DIRegistor";
			sourceTree = "<group>";
		};
		2F74FB4A2B8CD89200FE8DF2 /* Model */ = {
			isa = PBXGroup;
			children = (
				2F74FB4B2B8CD8A600FE8DF2 /* DI+Model.swift */,
			);
			path = Model;
			sourceTree = "<group>";
		};
		2F74FB4D2B8CD8A900FE8DF2 /* Constant */ = {
			isa = PBXGroup;
			children = (
				2F74FB4E2B8CD8BD00FE8DF2 /* DI+Constant.swift */,
			);
			path = Constant;
			sourceTree = "<group>";
		};
		2F74FB502B8CD8C300FE8DF2 /* Module */ = {
			isa = PBXGroup;
			children = (
				2F74FB512B8CD8E200FE8DF2 /* DI+ViewPairs.swift */,
			);
			path = Module;
			sourceTree = "<group>";
		};
		2F74FB532B8CD98400FE8DF2 /* Helper */ = {
			isa = PBXGroup;
			children = (
				2F74FB542B8CD9A100FE8DF2 /* DI+Helper.swift */,
			);
			path = Helper;
			sourceTree = "<group>";
		};
		2F74FB562B8CD9A400FE8DF2 /* Service */ = {
			isa = PBXGroup;
			children = (
				2F74FB572B8CD9C200FE8DF2 /* DI+Service.swift */,
			);
			path = Service;
			sourceTree = "<group>";
		};
		2F74FB592B8CDD5100FE8DF2 /* Utilities */ = {
			isa = PBXGroup;
			children = (
				2F74FB5C2B8CDDA400FE8DF2 /* AssociatedObjectUtility.swift */,
				2F74FB5E2B8CDDAE00FE8DF2 /* WeakAssociateObjectUtility.swift */,
			);
			path = Utilities;
			sourceTree = "<group>";
		};
		2F74FB642B8D9F1E00FE8DF2 /* Splash */ = {
			isa = PBXGroup;
			children = (
				2F74FB652B8DA27800FE8DF2 /* SplashViewController.storyboard */,
				2F74FB672B8DA28700FE8DF2 /* Constant */,
				2F74FB6A2B8DA29D00FE8DF2 /* Scene */,
			);
			path = Splash;
			sourceTree = "<group>";
		};
		2F74FB672B8DA28700FE8DF2 /* Constant */ = {
			isa = PBXGroup;
			children = (
				2F74FB682B8DA29500FE8DF2 /* DI+Splash.swift */,
			);
			path = Constant;
			sourceTree = "<group>";
		};
		2F74FB6A2B8DA29D00FE8DF2 /* Scene */ = {
			isa = PBXGroup;
			children = (
				2F74FB6B2B8DA2BB00FE8DF2 /* SplashViewController.swift */,
				2F74FB6D2B8DA2C200FE8DF2 /* SplashViewModel.swift */,
				2F74FB6F2B8DA2CF00FE8DF2 /* SplashViewTypes.swift */,
			);
			path = Scene;
			sourceTree = "<group>";
		};
		2F74FB712B8DA79500FE8DF2 /* Resource */ = {
			isa = PBXGroup;
			children = (
				2F74FB902B8DC5ED00FE8DF2 /* Lottie */,
				2F74FB912B8DC5F300FE8DF2 /* Font */,
			);
			path = Resource;
			sourceTree = "<group>";
		};
		2F74FB742B8DA88300FE8DF2 /* Constant */ = {
			isa = PBXGroup;
			children = (
				2F74FB792B8DB51100FE8DF2 /* Constant.swift */,
				2F74FB762B8DA89C00FE8DF2 /* LinkPasswordEnum.swift */,
				2F74FB7B2B8DB5A500FE8DF2 /* LinkPasswordColor.swift */,
				2F74FB8E2B8DC43500FE8DF2 /* LinkPasswordFont.swift */,
				2F0CB5E82B8E49F4005C871A /* LinkPasswordImage.swift */,
			);
			path = Constant;
			sourceTree = "<group>";
		};
		2F74FB7D2B8DBF9000FE8DF2 /* SplashMenu */ = {
			isa = PBXGroup;
			children = (
				2F74FB7E2B8DBFA900FE8DF2 /* SplashMenuViewController.storyboard */,
				2F74FB802B8DBFAC00FE8DF2 /* Constant */,
				2F74FB812B8DBFB500FE8DF2 /* Scene */,
			);
			path = SplashMenu;
			sourceTree = "<group>";
		};
		2F74FB802B8DBFAC00FE8DF2 /* Constant */ = {
			isa = PBXGroup;
			children = (
				2F74FB822B8DBFC600FE8DF2 /* DI+SplashMenu.swift */,
			);
			path = Constant;
			sourceTree = "<group>";
		};
		2F74FB812B8DBFB500FE8DF2 /* Scene */ = {
			isa = PBXGroup;
			children = (
				2F74FB842B8DBFD800FE8DF2 /* SplashMenuViewController.swift */,
				2F74FB862B8DBFE000FE8DF2 /* SplashMenuViewModel.swift */,
				2F74FB882B8DBFE900FE8DF2 /* SplashMenuTypes.swift */,
			);
			path = Scene;
			sourceTree = "<group>";
		};
		2F74FB8A2B8DC1B100FE8DF2 /* View */ = {
			isa = PBXGroup;
			children = (
				2F74FB9B2B8E1D0300FE8DF2 /* UITextField */,
				2F74FB8B2B8DC1B900FE8DF2 /* UIButton */,
			);
			path = View;
			sourceTree = "<group>";
		};
		2F74FB8B2B8DC1B900FE8DF2 /* UIButton */ = {
			isa = PBXGroup;
			children = (
				2F74FB8C2B8DC1D000FE8DF2 /* PrimaryButton.swift */,
				2F74FB992B8DC9A500FE8DF2 /* SecondaryButton.swift */,
			);
			path = UIButton;
			sourceTree = "<group>";
		};
		2F74FB902B8DC5ED00FE8DF2 /* Lottie */ = {
			isa = PBXGroup;
			children = (
				2F74FB722B8DA82E00FE8DF2 /* splash_lottie.json */,
			);
			path = Lottie;
			sourceTree = "<group>";
		};
		2F74FB912B8DC5F300FE8DF2 /* Font */ = {
			isa = PBXGroup;
			children = (
				2F74FB922B8DC62800FE8DF2 /* SF-Pro-Text-Regular.otf */,
				2F089A0C2B8E44E1000E9F56 /* Sora-Regular.ttf */,
				2F0CB5EA2B8EB5C7005C871A /* Sora-SemiBold.ttf */,
			);
			path = Font;
			sourceTree = "<group>";
		};
		2F74FB942B8DC7D900FE8DF2 /* Extensions */ = {
			isa = PBXGroup;
			children = (
				2F74FB962B8DC83200FE8DF2 /* UIKit */,
			);
			path = Extensions;
			sourceTree = "<group>";
		};
		2F74FB952B8DC80A00FE8DF2 /* Helper */ = {
			isa = PBXGroup;
			children = (
				2F74FB942B8DC7D900FE8DF2 /* Extensions */,
			);
			path = Helper;
			sourceTree = "<group>";
		};
		2F74FB962B8DC83200FE8DF2 /* UIKit */ = {
			isa = PBXGroup;
			children = (
				2F74FB972B8DC84700FE8DF2 /* UIButton+Extension.swift */,
			);
			path = UIKit;
			sourceTree = "<group>";
		};
		2F74FB9B2B8E1D0300FE8DF2 /* UITextField */ = {
			isa = PBXGroup;
			children = (
				2F74FB9C2B8E1D8500FE8DF2 /* CustomIconTextField.swift */,
			);
			path = UITextField;
			sourceTree = "<group>";
		};
		2F74FB9E2B8E1E1700FE8DF2 /* Signup */ = {
			isa = PBXGroup;
			children = (
				2F74FBAB2B8E1E8A00FE8DF2 /* SignupViewController.storyboard */,
				2F74FBA12B8E1E2F00FE8DF2 /* Constant */,
				2F74FBA22B8E1E3600FE8DF2 /* Scene */,
			);
			path = Signup;
			sourceTree = "<group>";
		};
		2F74FBA12B8E1E2F00FE8DF2 /* Constant */ = {
			isa = PBXGroup;
			children = (
				2F74FBA92B8E1E7C00FE8DF2 /* Di+Signup.swift */,
			);
			path = Constant;
			sourceTree = "<group>";
		};
		2F74FBA22B8E1E3600FE8DF2 /* Scene */ = {
			isa = PBXGroup;
			children = (
				2F74FB9F2B8E1E2A00FE8DF2 /* SignupViewController.swift */,
				2F74FBA32B8E1E4E00FE8DF2 /* SignupViewModel.swift */,
				2F74FBA72B8E1E7000FE8DF2 /* SignupTypes.swift */,
			);
			path = Scene;
			sourceTree = "<group>";
		};
		2F74FBAD2B8E1E9300FE8DF2 /* Signin */ = {
			isa = PBXGroup;
			children = (
				2F74FBAE2B8E1EB800FE8DF2 /* SigninViewController.storyboard */,
				2F74FBB02B8E1EBB00FE8DF2 /* Constant */,
				2F74FBB32B8E1F3600FE8DF2 /* Scene */,
			);
			path = Signin;
			sourceTree = "<group>";
		};
		2F74FBB02B8E1EBB00FE8DF2 /* Constant */ = {
			isa = PBXGroup;
			children = (
				2F74FBB12B8E1F3200FE8DF2 /* DI+Signin.swift */,
			);
			path = Constant;
			sourceTree = "<group>";
		};
		2F74FBB32B8E1F3600FE8DF2 /* Scene */ = {
			isa = PBXGroup;
			children = (
				2F74FBB42B8E1F5300FE8DF2 /* SigninViewController.swift */,
				2F74FBB62B8E1F5E00FE8DF2 /* SigninViewModel.swift */,
				2F74FBB82B8E1F6800FE8DF2 /* SigninTypes.swift */,
			);
			path = Scene;
			sourceTree = "<group>";
		};
		2F7D53172B8C74EA00C73310 = {
			isa = PBXGroup;
			children = (
				2F74FB712B8DA79500FE8DF2 /* Resource */,
				2F74FB032B8CCEA500FE8DF2 /* Library */,
				2F7D53222B8C74EA00C73310 /* LinkPassword */,
				2F7D533C2B8C74EB00C73310 /* LinkPasswordTests */,
				2F7D53462B8C74EB00C73310 /* LinkPasswordUITests */,
				2F7D53212B8C74EA00C73310 /* Products */,
				DF496D8105BCBA761E029E80 /* Pods */,
				EB51B0A19265B077D8AE1653 /* Frameworks */,
			);
			sourceTree = "<group>";
		};
		2F7D53212B8C74EA00C73310 /* Products */ = {
			isa = PBXGroup;
			children = (
				2F7D53202B8C74EA00C73310 /* LinkPassword.app */,
				2F7D53392B8C74EB00C73310 /* LinkPasswordTests.xctest */,
				2F7D53432B8C74EB00C73310 /* LinkPasswordUITests.xctest */,
			);
			name = Products;
			sourceTree = "<group>";
		};
		2F7D53222B8C74EA00C73310 /* LinkPassword */ = {
			isa = PBXGroup;
			children = (
				2F0CB5F12B8EF540005C871A /* LinkPassword.entitlements */,
				2F74FB322B8CD69100FE8DF2 /* App */,
				2F7D53232B8C74EA00C73310 /* AppDelegate.swift */,
				2F7D53252B8C74EA00C73310 /* SceneDelegate.swift */,
				2F7D53272B8C74EA00C73310 /* ViewController.swift */,
				2F7D53292B8C74EA00C73310 /* Main.storyboard */,
				2F7D532F2B8C74EB00C73310 /* Assets.xcassets */,
				2F7D53312B8C74EB00C73310 /* LaunchScreen.storyboard */,
				2F7D53342B8C74EB00C73310 /* Info.plist */,
				2F7D532C2B8C74EA00C73310 /* LinkPassword.xcdatamodeld */,
			);
			path = LinkPassword;
			sourceTree = "<group>";
		};
		2F7D533C2B8C74EB00C73310 /* LinkPasswordTests */ = {
			isa = PBXGroup;
			children = (
				2F7D533D2B8C74EB00C73310 /* LinkPasswordTests.swift */,
			);
			path = LinkPasswordTests;
			sourceTree = "<group>";
		};
		2F7D53462B8C74EB00C73310 /* LinkPasswordUITests */ = {
			isa = PBXGroup;
			children = (
				2F7D53472B8C74EB00C73310 /* LinkPasswordUITests.swift */,
				2F7D53492B8C74EB00C73310 /* LinkPasswordUITestsLaunchTests.swift */,
			);
			path = LinkPasswordUITests;
			sourceTree = "<group>";
		};
		2FB1B9172B8E2DF200D5C0F6 /* BarItem */ = {
			isa = PBXGroup;
			children = (
				2FB1B91A2B8E2E3C00D5C0F6 /* BackBarItem.swift */,
				2FB1B91C2B8E2EE500D5C0F6 /* CloseBarItem.swift */,
			);
			path = BarItem;
			sourceTree = "<group>";
		};
		DF496D8105BCBA761E029E80 /* Pods */ = {
			isa = PBXGroup;
			children = (
				AA3C16C69E735EF7B72071B9 /* Pods-LinkPassword.debug.xcconfig */,
				F82EECC2BC7354E06E2FAA49 /* Pods-LinkPassword.release.xcconfig */,
			);
			path = Pods;
			sourceTree = "<group>";
		};
		EB51B0A19265B077D8AE1653 /* Frameworks */ = {
			isa = PBXGroup;
			children = (
				9EC5C471481F999D9410DF93 /* Pods_LinkPassword.framework */,
			);
			name = Frameworks;
			sourceTree = "<group>";
		};
/* End PBXGroup section */

/* Begin PBXNativeTarget section */
		2F7D531F2B8C74EA00C73310 /* LinkPassword */ = {
			isa = PBXNativeTarget;
			buildConfigurationList = 2F7D534D2B8C74EB00C73310 /* Build configuration list for PBXNativeTarget "LinkPassword" */;
			buildPhases = (
				E7C6B722F8652CE346E5C2E6 /* [CP] Check Pods Manifest.lock */,
				2F7D531C2B8C74EA00C73310 /* Sources */,
				2F7D531D2B8C74EA00C73310 /* Frameworks */,
				2F7D531E2B8C74EA00C73310 /* Resources */,
				1780F65BED5F9529F191E3A0 /* [CP] Embed Pods Frameworks */,
			);
			buildRules = (
			);
			dependencies = (
			);
			name = LinkPassword;
			productName = LinkPassword;
			productReference = 2F7D53202B8C74EA00C73310 /* LinkPassword.app */;
			productType = "com.apple.product-type.application";
		};
		2F7D53382B8C74EB00C73310 /* LinkPasswordTests */ = {
			isa = PBXNativeTarget;
			buildConfigurationList = 2F7D53502B8C74EB00C73310 /* Build configuration list for PBXNativeTarget "LinkPasswordTests" */;
			buildPhases = (
				2F7D53352B8C74EB00C73310 /* Sources */,
				2F7D53362B8C74EB00C73310 /* Frameworks */,
				2F7D53372B8C74EB00C73310 /* Resources */,
			);
			buildRules = (
			);
			dependencies = (
				2F7D533B2B8C74EB00C73310 /* PBXTargetDependency */,
			);
			name = LinkPasswordTests;
			productName = LinkPasswordTests;
			productReference = 2F7D53392B8C74EB00C73310 /* LinkPasswordTests.xctest */;
			productType = "com.apple.product-type.bundle.unit-test";
		};
		2F7D53422B8C74EB00C73310 /* LinkPasswordUITests */ = {
			isa = PBXNativeTarget;
			buildConfigurationList = 2F7D53532B8C74EB00C73310 /* Build configuration list for PBXNativeTarget "LinkPasswordUITests" */;
			buildPhases = (
				2F7D533F2B8C74EB00C73310 /* Sources */,
				2F7D53402B8C74EB00C73310 /* Frameworks */,
				2F7D53412B8C74EB00C73310 /* Resources */,
			);
			buildRules = (
			);
			dependencies = (
				2F7D53452B8C74EB00C73310 /* PBXTargetDependency */,
			);
			name = LinkPasswordUITests;
			productName = LinkPasswordUITests;
			productReference = 2F7D53432B8C74EB00C73310 /* LinkPasswordUITests.xctest */;
			productType = "com.apple.product-type.bundle.ui-testing";
		};
/* End PBXNativeTarget section */

/* Begin PBXProject section */
		2F7D53182B8C74EA00C73310 /* Project object */ = {
			isa = PBXProject;
			attributes = {
				BuildIndependentTargetsInParallel = 1;
				LastSwiftUpdateCheck = 1520;
				LastUpgradeCheck = 1520;
				TargetAttributes = {
					2F7D531F2B8C74EA00C73310 = {
						CreatedOnToolsVersion = 15.2;
					};
					2F7D53382B8C74EB00C73310 = {
						CreatedOnToolsVersion = 15.2;
						TestTargetID = 2F7D531F2B8C74EA00C73310;
					};
					2F7D53422B8C74EB00C73310 = {
						CreatedOnToolsVersion = 15.2;
						TestTargetID = 2F7D531F2B8C74EA00C73310;
					};
				};
			};
			buildConfigurationList = 2F7D531B2B8C74EA00C73310 /* Build configuration list for PBXProject "LinkPassword" */;
			compatibilityVersion = "Xcode 14.0";
			developmentRegion = en;
			hasScannedForEncodings = 0;
			knownRegions = (
				en,
				Base,
			);
			mainGroup = 2F7D53172B8C74EA00C73310;
			productRefGroup = 2F7D53212B8C74EA00C73310 /* Products */;
			projectDirPath = "";
			projectRoot = "";
			targets = (
				2F7D531F2B8C74EA00C73310 /* LinkPassword */,
				2F7D53382B8C74EB00C73310 /* LinkPasswordTests */,
				2F7D53422B8C74EB00C73310 /* LinkPasswordUITests */,
			);
		};
/* End PBXProject section */

/* Begin PBXResourcesBuildPhase section */
		2F7D531E2B8C74EA00C73310 /* Resources */ = {
			isa = PBXResourcesBuildPhase;
			buildActionMask = 2147483647;
			files = (
				2F0CB63B2B8F1825005C871A /* CategoryFilterCollectionViewCell.xib in Resources */,
				2F0CB6092B8EFC59005C871A /* SettingsViewController.storyboard in Resources */,
				2F0CB5F42B8EFB20005C871A /* HomeViewController.storyboard in Resources */,
				2F7D53332B8C74EB00C73310 /* LaunchScreen.storyboard in Resources */,
				2F0CB5EB2B8EB5C7005C871A /* Sora-SemiBold.ttf in Resources */,
				2F7D53302B8C74EB00C73310 /* Assets.xcassets in Resources */,
				2F7D532B2B8C74EA00C73310 /* Main.storyboard in Resources */,
				2F0CB5F02B8ED89B005C871A /* MainTabViewController.storyboard in Resources */,
				2F0CB6322B8EFF57005C871A /* ChangePasswordViewController.storyboard in Resources */,
				2F74FBAC2B8E1E8A00FE8DF2 /* SignupViewController.storyboard in Resources */,
				2F089A0D2B8E44E1000E9F56 /* Sora-Regular.ttf in Resources */,
				2F0CB6102B8EFE1E005C871A /* DiscoverPasswordViewController.storyboard in Resources */,
				2F74FB7F2B8DBFA900FE8DF2 /* SplashMenuViewController.storyboard in Resources */,
				2F74FB732B8DA82E00FE8DF2 /* splash_lottie.json in Resources */,
				2F74FBAF2B8E1EB800FE8DF2 /* SigninViewController.storyboard in Resources */,
				2F74FB662B8DA27800FE8DF2 /* SplashViewController.storyboard in Resources */,
				2F0CB6302B8EFF49005C871A /* VerificationViewController.storyboard in Resources */,
				2F74FB932B8DC62800FE8DF2 /* SF-Pro-Text-Regular.otf in Resources */,
			);
			runOnlyForDeploymentPostprocessing = 0;
		};
		2F7D53372B8C74EB00C73310 /* Resources */ = {
			isa = PBXResourcesBuildPhase;
			buildActionMask = 2147483647;
			files = (
			);
			runOnlyForDeploymentPostprocessing = 0;
		};
		2F7D53412B8C74EB00C73310 /* Resources */ = {
			isa = PBXResourcesBuildPhase;
			buildActionMask = 2147483647;
			files = (
			);
			runOnlyForDeploymentPostprocessing = 0;
		};
/* End PBXResourcesBuildPhase section */

/* Begin PBXShellScriptBuildPhase section */
		1780F65BED5F9529F191E3A0 /* [CP] Embed Pods Frameworks */ = {
			isa = PBXShellScriptBuildPhase;
			buildActionMask = 2147483647;
			files = (
			);
			inputFileListPaths = (
				"${PODS_ROOT}/Target Support Files/Pods-LinkPassword/Pods-LinkPassword-frameworks-${CONFIGURATION}-input-files.xcfilelist",
			);
			name = "[CP] Embed Pods Frameworks";
			outputFileListPaths = (
				"${PODS_ROOT}/Target Support Files/Pods-LinkPassword/Pods-LinkPassword-frameworks-${CONFIGURATION}-output-files.xcfilelist",
			);
			runOnlyForDeploymentPostprocessing = 0;
			shellPath = /bin/sh;
			shellScript = "\"${PODS_ROOT}/Target Support Files/Pods-LinkPassword/Pods-LinkPassword-frameworks.sh\"\n";
			showEnvVarsInLog = 0;
		};
		E7C6B722F8652CE346E5C2E6 /* [CP] Check Pods Manifest.lock */ = {
			isa = PBXShellScriptBuildPhase;
			buildActionMask = 2147483647;
			files = (
			);
			inputFileListPaths = (
			);
			inputPaths = (
				"${PODS_PODFILE_DIR_PATH}/Podfile.lock",
				"${PODS_ROOT}/Manifest.lock",
			);
			name = "[CP] Check Pods Manifest.lock";
			outputFileListPaths = (
			);
			outputPaths = (
				"$(DERIVED_FILE_DIR)/Pods-LinkPassword-checkManifestLockResult.txt",
			);
			runOnlyForDeploymentPostprocessing = 0;
			shellPath = /bin/sh;
			shellScript = "diff \"${PODS_PODFILE_DIR_PATH}/Podfile.lock\" \"${PODS_ROOT}/Manifest.lock\" > /dev/null\nif [ $? != 0 ] ; then\n    # print error to STDERR\n    echo \"error: The sandbox is not in sync with the Podfile.lock. Run 'pod install' or update your CocoaPods installation.\" >&2\n    exit 1\nfi\n# This output is used by Xcode 'outputs' to avoid re-running this script phase.\necho \"SUCCESS\" > \"${SCRIPT_OUTPUT_FILE_0}\"\n";
			showEnvVarsInLog = 0;
		};
/* End PBXShellScriptBuildPhase section */

/* Begin PBXSourcesBuildPhase section */
		2F7D531C2B8C74EA00C73310 /* Sources */ = {
			isa = PBXSourcesBuildPhase;
			buildActionMask = 2147483647;
			files = (
				2F74FB632B8CDF1A00FE8DF2 /* DisposeBagHolderType+Extension.swift in Sources */,
				2F74FB212B8CD59300FE8DF2 /* UIViewController+Disposable.swift in Sources */,
				2F74FBB52B8E1F5300FE8DF2 /* SigninViewController.swift in Sources */,
				2F74FB892B8DBFE900FE8DF2 /* SplashMenuTypes.swift in Sources */,
				2F74FB232B8CD59F00FE8DF2 /* UIViewController+DisposeBagHolderType.swift in Sources */,
				2F74FBA02B8E1E2A00FE8DF2 /* SignupViewController.swift in Sources */,
				2F74FAF72B8CCD0700FE8DF2 /* UIViewController+RxViewControllerCycle.swift in Sources */,
				2F74FB2D2B8CD5E300FE8DF2 /* ViewEvent.swift in Sources */,
				2F0CB62A2B8EFF26005C871A /* VerificationViewController.swift in Sources */,
				2F0CB62E2B8EFF3B005C871A /* VerificationViewTypes.swift in Sources */,
				2F74FB6C2B8DA2BB00FE8DF2 /* SplashViewController.swift in Sources */,
				2F74FB022B8CCE3800FE8DF2 /* ViewControllerCycleImplType.swift in Sources */,
				2FB1B9102B8E2D1400D5C0F6 /* BarItem.swift in Sources */,
				2F0CB5FA2B8EFB97005C871A /* HomeViewController.swift in Sources */,
				2F0CB6142B8EFE3E005C871A /* DiscoverPasswordViewController.swift in Sources */,
				2F0CB5FC2B8EFBA1005C871A /* HomeViewModel.swift in Sources */,
				2F74FB772B8DA89C00FE8DF2 /* LinkPasswordEnum.swift in Sources */,
				2F74FB292B8CD5CA00FE8DF2 /* DisposableEvent.swift in Sources */,
				2F74FB4F2B8CD8BD00FE8DF2 /* DI+Constant.swift in Sources */,
				2F74FBA42B8E1E4E00FE8DF2 /* SignupViewModel.swift in Sources */,
				2F74FB1F2B8CD58700FE8DF2 /* UIView+DisposeBagHolderType.swift in Sources */,
				2F74FB3A2B8CD70700FE8DF2 /* BaseViewModelType.swift in Sources */,
				2F74FB312B8CD5FB00FE8DF2 /* ViewModelType.swift in Sources */,
				2F0CB6122B8EFE2A005C871A /* DI+DiscoverPassword.swift in Sources */,
				2F74FB172B8CD54600FE8DF2 /* AppWindow.swift in Sources */,
				2F74FBB22B8E1F3200FE8DF2 /* DI+Signin.swift in Sources */,
				2F0CB6342B8F1588005C871A /* CategoryEnum.swift in Sources */,
				2F74FB872B8DBFE000FE8DF2 /* SplashMenuViewModel.swift in Sources */,
				2F74FB0F2B8CD4B400FE8DF2 /* DismissWithResultProtocol+Rx.swift in Sources */,
				2F74FB112B8CD4BE00FE8DF2 /* UIViewController+DismissWithResultHelper.swift in Sources */,
				2F74FBB72B8E1F5E00FE8DF2 /* SigninViewModel.swift in Sources */,
				2F0CB6012B8EFBE6005C871A /* SettingsViewController.swift in Sources */,
				2F74FB6E2B8DA2C200FE8DF2 /* SplashViewModel.swift in Sources */,
				2F74FB7A2B8DB51100FE8DF2 /* Constant.swift in Sources */,
				2F0CB63A2B8F1825005C871A /* CategoryFilterCollectionViewCell.swift in Sources */,
				2F74FB092B8CD48400FE8DF2 /* DismissResult.swift in Sources */,
				2FB1B9122B8E2D4E00D5C0F6 /* BarItemViewType.swift in Sources */,
				2F74FB9D2B8E1D8500FE8DF2 /* CustomIconTextField.swift in Sources */,
				2F74FB382B8CD6FB00FE8DF2 /* BaseViewController.swift in Sources */,
				2F74FB2B2B8CD5D600FE8DF2 /* PresentationBinding.swift in Sources */,
				2F74FB4C2B8CD8A600FE8DF2 /* DI+Model.swift in Sources */,
				2F74FB482B8CD83B00FE8DF2 /* DI+DIRegistor.swift in Sources */,
				2F74FB522B8CD8E200FE8DF2 /* DI+ViewPairs.swift in Sources */,
				2F74FB612B8CDF0F00FE8DF2 /* DisposeBagHolderType.swift in Sources */,
				2F74FB2F2B8CD5EF00FE8DF2 /* ViewType.swift in Sources */,
				2F74FB362B8CD6F200FE8DF2 /* BaseViewType.swift in Sources */,
				2F0CB61E2B8EFED3005C871A /* ChangePasswordViewController.swift in Sources */,
				2F0CB5FE2B8EFBC3005C871A /* HomeViewTypes.swift in Sources */,
				2F74FB3C2B8CD71300FE8DF2 /* BaseViewModel.swift in Sources */,
				2F74FBA82B8E1E7000FE8DF2 /* SignupTypes.swift in Sources */,
				2F74FAFC2B8CCDBF00FE8DF2 /* RxOperator.swift in Sources */,
				2FB1B9142B8E2D5700D5C0F6 /* UIViewController+BarItemsViewType.swift in Sources */,
				2F0CB6162B8EFE4C005C871A /* DiscoverPasswordViewModel.swift in Sources */,
				2F74FB462B8CD83000FE8DF2 /* DI.swift in Sources */,
				2F74FB832B8DBFC600FE8DF2 /* DI+SplashMenu.swift in Sources */,
				2F74FB5F2B8CDDAE00FE8DF2 /* WeakAssociateObjectUtility.swift in Sources */,
				2F7D53282B8C74EA00C73310 /* ViewController.swift in Sources */,
				2F0CB6272B8EFF0B005C871A /* DI+Verification.swift in Sources */,
				2F0CB6182B8EFE56005C871A /* DiscoverPasswordViewTypes.swift in Sources */,
				2FB1B91B2B8E2E3C00D5C0F6 /* BackBarItem.swift in Sources */,
				2F74FB582B8CD9C200FE8DF2 /* DI+Service.swift in Sources */,
				2F74FB252B8CD5AB00FE8DF2 /* UIViewController+DisposeOnWillRemoveFromParentType.swift in Sources */,
				2F74FB0B2B8CD49D00FE8DF2 /* DismissWithResultProtocol.swift in Sources */,
				2F0CB6032B8EFBEE005C871A /* SettingsViewModel.swift in Sources */,
				2F74FBB92B8E1F6800FE8DF2 /* SigninTypes.swift in Sources */,
				2F7D53242B8C74EA00C73310 /* AppDelegate.swift in Sources */,
				2F0CB6222B8EFEE8005C871A /* ChangePasswordViewTypes.swift in Sources */,
				2FB1B9162B8E2D6100D5C0F6 /* UIViewController+RxBarItemsViewType.swift in Sources */,
				2F74FB982B8DC84700FE8DF2 /* UIButton+Extension.swift in Sources */,
				2F74FB1D2B8CD57C00FE8DF2 /* UIView+Disposable.swift in Sources */,
				2F7D532E2B8C74EA00C73310 /* LinkPassword.xcdatamodeld in Sources */,
				2F0CB62C2B8EFF30005C871A /* VerificationViewModel.swift in Sources */,
				2F74FB7C2B8DB5A500FE8DF2 /* LinkPasswordColor.swift in Sources */,
				2F74FB1B2B8CD56E00FE8DF2 /* DisposeOnWillRemoveFromParentType+Extension.swift in Sources */,
				2F0CB5EE2B8ED36A005C871A /* MainTabViewController.swift in Sources */,
				2F74FB5D2B8CDDA400FE8DF2 /* AssociatedObjectUtility.swift in Sources */,
				2F0CB5E92B8E49F4005C871A /* LinkPasswordImage.swift in Sources */,
				2F0CB6242B8EFEF2005C871A /* DI+ChangePassword.swift in Sources */,
				2F0CB6072B8EFC4E005C871A /* DI+Settings.swift in Sources */,
				2F74FB692B8DA29500FE8DF2 /* DI+Splash.swift in Sources */,
				2F74FB132B8CD4C800FE8DF2 /* UIViewController+DismissWithResultProtocol.swift in Sources */,
				2F74FB8D2B8DC1D000FE8DF2 /* PrimaryButton.swift in Sources */,
				2F74FB852B8DBFD800FE8DF2 /* SplashMenuViewController.swift in Sources */,
				2F0CB5F82B8EFB8F005C871A /* DI+Home.swift in Sources */,
				2F0CB6052B8EFBF7005C871A /* SettingsViewTypes.swift in Sources */,
				2F74FB192B8CD55100FE8DF2 /* DisposeOnWillRemoveFromParentType.swift in Sources */,
				2F74FB552B8CD9A100FE8DF2 /* DI+Helper.swift in Sources */,
				2F74FB0D2B8CD4A900FE8DF2 /* DismissWithResultProtocol+Extension.swift in Sources */,
				2F74FBAA2B8E1E7C00FE8DF2 /* Di+Signup.swift in Sources */,
				2F74FB9A2B8DC9A500FE8DF2 /* SecondaryButton.swift in Sources */,
				2F74FB8F2B8DC43500FE8DF2 /* LinkPasswordFont.swift in Sources */,
				2F74FB702B8DA2CF00FE8DF2 /* SplashViewTypes.swift in Sources */,
				2F74FB412B8CD74500FE8DF2 /* BaseNavigationController.swift in Sources */,
				2F0CB6202B8EFEDC005C871A /* ChangePasswordViewModel.swift in Sources */,
				2F74FAFA2B8CCD8500FE8DF2 /* Observable+Ext.swift in Sources */,
				2F74FB3F2B8CD73900FE8DF2 /* BaseNavigationChildViewController.swift in Sources */,
				2F7D53262B8C74EA00C73310 /* SceneDelegate.swift in Sources */,
				2FB1B91D2B8E2EE500D5C0F6 /* CloseBarItem.swift in Sources */,
			);
			runOnlyForDeploymentPostprocessing = 0;
		};
		2F7D53352B8C74EB00C73310 /* Sources */ = {
			isa = PBXSourcesBuildPhase;
			buildActionMask = 2147483647;
			files = (
				2F7D533E2B8C74EB00C73310 /* LinkPasswordTests.swift in Sources */,
			);
			runOnlyForDeploymentPostprocessing = 0;
		};
		2F7D533F2B8C74EB00C73310 /* Sources */ = {
			isa = PBXSourcesBuildPhase;
			buildActionMask = 2147483647;
			files = (
				2F7D53482B8C74EB00C73310 /* LinkPasswordUITests.swift in Sources */,
				2F7D534A2B8C74EB00C73310 /* LinkPasswordUITestsLaunchTests.swift in Sources */,
			);
			runOnlyForDeploymentPostprocessing = 0;
		};
/* End PBXSourcesBuildPhase section */

/* Begin PBXTargetDependency section */
		2F7D533B2B8C74EB00C73310 /* PBXTargetDependency */ = {
			isa = PBXTargetDependency;
			target = 2F7D531F2B8C74EA00C73310 /* LinkPassword */;
			targetProxy = 2F7D533A2B8C74EB00C73310 /* PBXContainerItemProxy */;
		};
		2F7D53452B8C74EB00C73310 /* PBXTargetDependency */ = {
			isa = PBXTargetDependency;
			target = 2F7D531F2B8C74EA00C73310 /* LinkPassword */;
			targetProxy = 2F7D53442B8C74EB00C73310 /* PBXContainerItemProxy */;
		};
/* End PBXTargetDependency section */

/* Begin PBXVariantGroup section */
		2F7D53292B8C74EA00C73310 /* Main.storyboard */ = {
			isa = PBXVariantGroup;
			children = (
				2F7D532A2B8C74EA00C73310 /* Base */,
			);
			name = Main.storyboard;
			sourceTree = "<group>";
		};
		2F7D53312B8C74EB00C73310 /* LaunchScreen.storyboard */ = {
			isa = PBXVariantGroup;
			children = (
				2F7D53322B8C74EB00C73310 /* Base */,
			);
			name = LaunchScreen.storyboard;
			sourceTree = "<group>";
		};
/* End PBXVariantGroup section */

/* Begin XCBuildConfiguration section */
		2F7D534B2B8C74EB00C73310 /* Debug */ = {
			isa = XCBuildConfiguration;
			buildSettings = {
				ALWAYS_SEARCH_USER_PATHS = NO;
				ASSETCATALOG_COMPILER_GENERATE_SWIFT_ASSET_SYMBOL_EXTENSIONS = YES;
				CLANG_ANALYZER_NONNULL = YES;
				CLANG_ANALYZER_NUMBER_OBJECT_CONVERSION = YES_AGGRESSIVE;
				CLANG_CXX_LANGUAGE_STANDARD = "gnu++20";
				CLANG_ENABLE_MODULES = YES;
				CLANG_ENABLE_OBJC_ARC = YES;
				CLANG_ENABLE_OBJC_WEAK = YES;
				CLANG_WARN_BLOCK_CAPTURE_AUTORELEASING = YES;
				CLANG_WARN_BOOL_CONVERSION = YES;
				CLANG_WARN_COMMA = YES;
				CLANG_WARN_CONSTANT_CONVERSION = YES;
				CLANG_WARN_DEPRECATED_OBJC_IMPLEMENTATIONS = YES;
				CLANG_WARN_DIRECT_OBJC_ISA_USAGE = YES_ERROR;
				CLANG_WARN_DOCUMENTATION_COMMENTS = YES;
				CLANG_WARN_EMPTY_BODY = YES;
				CLANG_WARN_ENUM_CONVERSION = YES;
				CLANG_WARN_INFINITE_RECURSION = YES;
				CLANG_WARN_INT_CONVERSION = YES;
				CLANG_WARN_NON_LITERAL_NULL_CONVERSION = YES;
				CLANG_WARN_OBJC_IMPLICIT_RETAIN_SELF = YES;
				CLANG_WARN_OBJC_LITERAL_CONVERSION = YES;
				CLANG_WARN_OBJC_ROOT_CLASS = YES_ERROR;
				CLANG_WARN_QUOTED_INCLUDE_IN_FRAMEWORK_HEADER = YES;
				CLANG_WARN_RANGE_LOOP_ANALYSIS = YES;
				CLANG_WARN_STRICT_PROTOTYPES = YES;
				CLANG_WARN_SUSPICIOUS_MOVE = YES;
				CLANG_WARN_UNGUARDED_AVAILABILITY = YES_AGGRESSIVE;
				CLANG_WARN_UNREACHABLE_CODE = YES;
				CLANG_WARN__DUPLICATE_METHOD_MATCH = YES;
				COPY_PHASE_STRIP = NO;
				DEBUG_INFORMATION_FORMAT = dwarf;
				ENABLE_STRICT_OBJC_MSGSEND = YES;
				ENABLE_TESTABILITY = YES;
				ENABLE_USER_SCRIPT_SANDBOXING = NO;
				GCC_C_LANGUAGE_STANDARD = gnu17;
				GCC_DYNAMIC_NO_PIC = NO;
				GCC_NO_COMMON_BLOCKS = YES;
				GCC_OPTIMIZATION_LEVEL = 0;
				GCC_PREPROCESSOR_DEFINITIONS = (
					"DEBUG=1",
					"$(inherited)",
				);
				GCC_WARN_64_TO_32_BIT_CONVERSION = YES;
				GCC_WARN_ABOUT_RETURN_TYPE = YES_ERROR;
				GCC_WARN_UNDECLARED_SELECTOR = YES;
				GCC_WARN_UNINITIALIZED_AUTOS = YES_AGGRESSIVE;
				GCC_WARN_UNUSED_FUNCTION = YES;
				GCC_WARN_UNUSED_VARIABLE = YES;
				IPHONEOS_DEPLOYMENT_TARGET = 17.2;
				LOCALIZATION_PREFERS_STRING_CATALOGS = YES;
				MTL_ENABLE_DEBUG_INFO = INCLUDE_SOURCE;
				MTL_FAST_MATH = YES;
				ONLY_ACTIVE_ARCH = YES;
				SDKROOT = iphoneos;
				SWIFT_ACTIVE_COMPILATION_CONDITIONS = "DEBUG $(inherited)";
				SWIFT_OPTIMIZATION_LEVEL = "-Onone";
			};
			name = Debug;
		};
		2F7D534C2B8C74EB00C73310 /* Release */ = {
			isa = XCBuildConfiguration;
			buildSettings = {
				ALWAYS_SEARCH_USER_PATHS = NO;
				ASSETCATALOG_COMPILER_GENERATE_SWIFT_ASSET_SYMBOL_EXTENSIONS = YES;
				CLANG_ANALYZER_NONNULL = YES;
				CLANG_ANALYZER_NUMBER_OBJECT_CONVERSION = YES_AGGRESSIVE;
				CLANG_CXX_LANGUAGE_STANDARD = "gnu++20";
				CLANG_ENABLE_MODULES = YES;
				CLANG_ENABLE_OBJC_ARC = YES;
				CLANG_ENABLE_OBJC_WEAK = YES;
				CLANG_WARN_BLOCK_CAPTURE_AUTORELEASING = YES;
				CLANG_WARN_BOOL_CONVERSION = YES;
				CLANG_WARN_COMMA = YES;
				CLANG_WARN_CONSTANT_CONVERSION = YES;
				CLANG_WARN_DEPRECATED_OBJC_IMPLEMENTATIONS = YES;
				CLANG_WARN_DIRECT_OBJC_ISA_USAGE = YES_ERROR;
				CLANG_WARN_DOCUMENTATION_COMMENTS = YES;
				CLANG_WARN_EMPTY_BODY = YES;
				CLANG_WARN_ENUM_CONVERSION = YES;
				CLANG_WARN_INFINITE_RECURSION = YES;
				CLANG_WARN_INT_CONVERSION = YES;
				CLANG_WARN_NON_LITERAL_NULL_CONVERSION = YES;
				CLANG_WARN_OBJC_IMPLICIT_RETAIN_SELF = YES;
				CLANG_WARN_OBJC_LITERAL_CONVERSION = YES;
				CLANG_WARN_OBJC_ROOT_CLASS = YES_ERROR;
				CLANG_WARN_QUOTED_INCLUDE_IN_FRAMEWORK_HEADER = YES;
				CLANG_WARN_RANGE_LOOP_ANALYSIS = YES;
				CLANG_WARN_STRICT_PROTOTYPES = YES;
				CLANG_WARN_SUSPICIOUS_MOVE = YES;
				CLANG_WARN_UNGUARDED_AVAILABILITY = YES_AGGRESSIVE;
				CLANG_WARN_UNREACHABLE_CODE = YES;
				CLANG_WARN__DUPLICATE_METHOD_MATCH = YES;
				COPY_PHASE_STRIP = NO;
				DEBUG_INFORMATION_FORMAT = "dwarf-with-dsym";
				ENABLE_NS_ASSERTIONS = NO;
				ENABLE_STRICT_OBJC_MSGSEND = YES;
				ENABLE_USER_SCRIPT_SANDBOXING = NO;
				GCC_C_LANGUAGE_STANDARD = gnu17;
				GCC_NO_COMMON_BLOCKS = YES;
				GCC_WARN_64_TO_32_BIT_CONVERSION = YES;
				GCC_WARN_ABOUT_RETURN_TYPE = YES_ERROR;
				GCC_WARN_UNDECLARED_SELECTOR = YES;
				GCC_WARN_UNINITIALIZED_AUTOS = YES_AGGRESSIVE;
				GCC_WARN_UNUSED_FUNCTION = YES;
				GCC_WARN_UNUSED_VARIABLE = YES;
				IPHONEOS_DEPLOYMENT_TARGET = 17.2;
				LOCALIZATION_PREFERS_STRING_CATALOGS = YES;
				MTL_ENABLE_DEBUG_INFO = NO;
				MTL_FAST_MATH = YES;
				SDKROOT = iphoneos;
				SWIFT_COMPILATION_MODE = wholemodule;
				VALIDATE_PRODUCT = YES;
			};
			name = Release;
		};
		2F7D534E2B8C74EB00C73310 /* Debug */ = {
			isa = XCBuildConfiguration;
			baseConfigurationReference = AA3C16C69E735EF7B72071B9 /* Pods-LinkPassword.debug.xcconfig */;
			buildSettings = {
				ASSETCATALOG_COMPILER_APPICON_NAME = AppIcon;
				ASSETCATALOG_COMPILER_GLOBAL_ACCENT_COLOR_NAME = AccentColor;
				CODE_SIGN_ENTITLEMENTS = LinkPassword/LinkPassword.entitlements;
				CODE_SIGN_STYLE = Automatic;
				CURRENT_PROJECT_VERSION = 1;
				DEVELOPMENT_TEAM = TW9MAJP3U3;
				GENERATE_INFOPLIST_FILE = YES;
				INFOPLIST_FILE = LinkPassword/Info.plist;
				INFOPLIST_KEY_UIApplicationSupportsIndirectInputEvents = YES;
				INFOPLIST_KEY_UILaunchStoryboardName = LaunchScreen;
				INFOPLIST_KEY_UIMainStoryboardFile = Main;
				INFOPLIST_KEY_UISupportedInterfaceOrientations_iPad = "UIInterfaceOrientationPortrait UIInterfaceOrientationPortraitUpsideDown UIInterfaceOrientationLandscapeLeft UIInterfaceOrientationLandscapeRight";
				INFOPLIST_KEY_UISupportedInterfaceOrientations_iPhone = "UIInterfaceOrientationPortrait UIInterfaceOrientationLandscapeLeft UIInterfaceOrientationLandscapeRight";
				IPHONEOS_DEPLOYMENT_TARGET = 13.0;
				LD_RUNPATH_SEARCH_PATHS = (
					"$(inherited)",
					"@executable_path/Frameworks",
				);
				MARKETING_VERSION = 1.0;
				PRODUCT_BUNDLE_IDENTIFIER = com.haoyangyip.LinkPassword;
				PRODUCT_NAME = "$(TARGET_NAME)";
				SWIFT_EMIT_LOC_STRINGS = YES;
				SWIFT_VERSION = 5.0;
				TARGETED_DEVICE_FAMILY = "1,2";
			};
			name = Debug;
		};
		2F7D534F2B8C74EB00C73310 /* Release */ = {
			isa = XCBuildConfiguration;
			baseConfigurationReference = F82EECC2BC7354E06E2FAA49 /* Pods-LinkPassword.release.xcconfig */;
			buildSettings = {
				ASSETCATALOG_COMPILER_APPICON_NAME = AppIcon;
				ASSETCATALOG_COMPILER_GLOBAL_ACCENT_COLOR_NAME = AccentColor;
				CODE_SIGN_ENTITLEMENTS = LinkPassword/LinkPassword.entitlements;
				CODE_SIGN_STYLE = Automatic;
				CURRENT_PROJECT_VERSION = 1;
				DEVELOPMENT_TEAM = TW9MAJP3U3;
				GENERATE_INFOPLIST_FILE = YES;
				INFOPLIST_FILE = LinkPassword/Info.plist;
				INFOPLIST_KEY_UIApplicationSupportsIndirectInputEvents = YES;
				INFOPLIST_KEY_UILaunchStoryboardName = LaunchScreen;
				INFOPLIST_KEY_UIMainStoryboardFile = Main;
				INFOPLIST_KEY_UISupportedInterfaceOrientations_iPad = "UIInterfaceOrientationPortrait UIInterfaceOrientationPortraitUpsideDown UIInterfaceOrientationLandscapeLeft UIInterfaceOrientationLandscapeRight";
				INFOPLIST_KEY_UISupportedInterfaceOrientations_iPhone = "UIInterfaceOrientationPortrait UIInterfaceOrientationLandscapeLeft UIInterfaceOrientationLandscapeRight";
				IPHONEOS_DEPLOYMENT_TARGET = 13.0;
				LD_RUNPATH_SEARCH_PATHS = (
					"$(inherited)",
					"@executable_path/Frameworks",
				);
				MARKETING_VERSION = 1.0;
				PRODUCT_BUNDLE_IDENTIFIER = com.haoyangyip.LinkPassword;
				PRODUCT_NAME = "$(TARGET_NAME)";
				SWIFT_EMIT_LOC_STRINGS = YES;
				SWIFT_VERSION = 5.0;
				TARGETED_DEVICE_FAMILY = "1,2";
			};
			name = Release;
		};
		2F7D53512B8C74EB00C73310 /* Debug */ = {
			isa = XCBuildConfiguration;
			buildSettings = {
				ALWAYS_EMBED_SWIFT_STANDARD_LIBRARIES = YES;
				BUNDLE_LOADER = "$(TEST_HOST)";
				CODE_SIGN_STYLE = Automatic;
				CURRENT_PROJECT_VERSION = 1;
				DEVELOPMENT_TEAM = TW9MAJP3U3;
				GENERATE_INFOPLIST_FILE = YES;
				IPHONEOS_DEPLOYMENT_TARGET = 17.2;
				MARKETING_VERSION = 1.0;
				PRODUCT_BUNDLE_IDENTIFIER = com.haoyangyip.LinkPasswordTests;
				PRODUCT_NAME = "$(TARGET_NAME)";
				SWIFT_EMIT_LOC_STRINGS = NO;
				SWIFT_VERSION = 5.0;
				TARGETED_DEVICE_FAMILY = "1,2";
				TEST_HOST = "$(BUILT_PRODUCTS_DIR)/LinkPassword.app/$(BUNDLE_EXECUTABLE_FOLDER_PATH)/LinkPassword";
			};
			name = Debug;
		};
		2F7D53522B8C74EB00C73310 /* Release */ = {
			isa = XCBuildConfiguration;
			buildSettings = {
				ALWAYS_EMBED_SWIFT_STANDARD_LIBRARIES = YES;
				BUNDLE_LOADER = "$(TEST_HOST)";
				CODE_SIGN_STYLE = Automatic;
				CURRENT_PROJECT_VERSION = 1;
				DEVELOPMENT_TEAM = TW9MAJP3U3;
				GENERATE_INFOPLIST_FILE = YES;
				IPHONEOS_DEPLOYMENT_TARGET = 17.2;
				MARKETING_VERSION = 1.0;
				PRODUCT_BUNDLE_IDENTIFIER = com.haoyangyip.LinkPasswordTests;
				PRODUCT_NAME = "$(TARGET_NAME)";
				SWIFT_EMIT_LOC_STRINGS = NO;
				SWIFT_VERSION = 5.0;
				TARGETED_DEVICE_FAMILY = "1,2";
				TEST_HOST = "$(BUILT_PRODUCTS_DIR)/LinkPassword.app/$(BUNDLE_EXECUTABLE_FOLDER_PATH)/LinkPassword";
			};
			name = Release;
		};
		2F7D53542B8C74EB00C73310 /* Debug */ = {
			isa = XCBuildConfiguration;
			buildSettings = {
				ALWAYS_EMBED_SWIFT_STANDARD_LIBRARIES = YES;
				CODE_SIGN_STYLE = Automatic;
				CURRENT_PROJECT_VERSION = 1;
				DEVELOPMENT_TEAM = TW9MAJP3U3;
				GENERATE_INFOPLIST_FILE = YES;
				MARKETING_VERSION = 1.0;
				PRODUCT_BUNDLE_IDENTIFIER = com.haoyangyip.LinkPasswordUITests;
				PRODUCT_NAME = "$(TARGET_NAME)";
				SWIFT_EMIT_LOC_STRINGS = NO;
				SWIFT_VERSION = 5.0;
				TARGETED_DEVICE_FAMILY = "1,2";
				TEST_TARGET_NAME = LinkPassword;
			};
			name = Debug;
		};
		2F7D53552B8C74EB00C73310 /* Release */ = {
			isa = XCBuildConfiguration;
			buildSettings = {
				ALWAYS_EMBED_SWIFT_STANDARD_LIBRARIES = YES;
				CODE_SIGN_STYLE = Automatic;
				CURRENT_PROJECT_VERSION = 1;
				DEVELOPMENT_TEAM = TW9MAJP3U3;
				GENERATE_INFOPLIST_FILE = YES;
				MARKETING_VERSION = 1.0;
				PRODUCT_BUNDLE_IDENTIFIER = com.haoyangyip.LinkPasswordUITests;
				PRODUCT_NAME = "$(TARGET_NAME)";
				SWIFT_EMIT_LOC_STRINGS = NO;
				SWIFT_VERSION = 5.0;
				TARGETED_DEVICE_FAMILY = "1,2";
				TEST_TARGET_NAME = LinkPassword;
			};
			name = Release;
		};
/* End XCBuildConfiguration section */

/* Begin XCConfigurationList section */
		2F7D531B2B8C74EA00C73310 /* Build configuration list for PBXProject "LinkPassword" */ = {
			isa = XCConfigurationList;
			buildConfigurations = (
				2F7D534B2B8C74EB00C73310 /* Debug */,
				2F7D534C2B8C74EB00C73310 /* Release */,
			);
			defaultConfigurationIsVisible = 0;
			defaultConfigurationName = Release;
		};
		2F7D534D2B8C74EB00C73310 /* Build configuration list for PBXNativeTarget "LinkPassword" */ = {
			isa = XCConfigurationList;
			buildConfigurations = (
				2F7D534E2B8C74EB00C73310 /* Debug */,
				2F7D534F2B8C74EB00C73310 /* Release */,
			);
			defaultConfigurationIsVisible = 0;
			defaultConfigurationName = Release;
		};
		2F7D53502B8C74EB00C73310 /* Build configuration list for PBXNativeTarget "LinkPasswordTests" */ = {
			isa = XCConfigurationList;
			buildConfigurations = (
				2F7D53512B8C74EB00C73310 /* Debug */,
				2F7D53522B8C74EB00C73310 /* Release */,
			);
			defaultConfigurationIsVisible = 0;
			defaultConfigurationName = Release;
		};
		2F7D53532B8C74EB00C73310 /* Build configuration list for PBXNativeTarget "LinkPasswordUITests" */ = {
			isa = XCConfigurationList;
			buildConfigurations = (
				2F7D53542B8C74EB00C73310 /* Debug */,
				2F7D53552B8C74EB00C73310 /* Release */,
			);
			defaultConfigurationIsVisible = 0;
			defaultConfigurationName = Release;
		};
/* End XCConfigurationList section */

/* Begin XCVersionGroup section */
		2F7D532C2B8C74EA00C73310 /* LinkPassword.xcdatamodeld */ = {
			isa = XCVersionGroup;
			children = (
				2F7D532D2B8C74EA00C73310 /* LinkPassword.xcdatamodel */,
			);
			currentVersion = 2F7D532D2B8C74EA00C73310 /* LinkPassword.xcdatamodel */;
			path = LinkPassword.xcdatamodeld;
			sourceTree = "<group>";
			versionGroupType = wrapper.xcdatamodel;
		};
/* End XCVersionGroup section */
	};
	rootObject = 2F7D53182B8C74EA00C73310 /* Project object */;
}
